
Microsoft Visual Studio Solution File, Format Version 12.00
# Visual Studio Version 17
VisualStudioVersion = 17.11.35208.52
MinimumVisualStudioVersion = 10.0.40219.1
Project("{9A19103F-16F7-4668-BE54-9A1E7A4F7556}") = "OpenBurnBar.App", "app\OpenBurnBar.App\OpenBurnBar.App.csproj", "{7AF4C8A5-6859-4D93-8D29-AEA089447216}"
EndProject
Project("{2150E333-8FDC-42A3-9474-1A3956D46DE8}") = "pal", "pal", "{BF88088E-BCD5-7E39-D285-63670732B764}"
EndProject
Project("{2150E333-8FDC-42A3-9474-1A3956D46DE8}") = "ipc", "ipc", "{FF1D8F69-183C-A9DB-0BFC-B83AE28A4C7B}"
EndProject
Project("{FAE04EC0-301F-11D3-BF4B-00C04F79EFBC}") = "OpenBurnBar.Pal.Ipc", "pal\ipc\OpenBurnBar.Pal.Ipc.csproj", "{E8F70FB3-02F0-4F14-8EF8-CB4DD342848C}"
EndProject
Project("{2150E333-8FDC-42A3-9474-1A3956D46DE8}") = "ipc-windows", "ipc-windows", "{C4D98492-3719-6BE2-38B9-B2BA07598A1C}"
EndProject
Project("{FAE04EC0-301F-11D3-BF4B-00C04F79EFBC}") = "OpenBurnBar.Pal.Ipc.Windows", "pal\ipc-windows\OpenBurnBar.Pal.Ipc.Windows.csproj", "{A3AA0E61-A9AA-4798-BF8A-E0327E7E9F75}"
EndProject
Project("{2150E333-8FDC-42A3-9474-1A3956D46DE8}") = "tests", "tests", "{0AB3BF05-4346-4AA6-1389-037BE0695223}"
EndProject
Project("{2150E333-8FDC-42A3-9474-1A3956D46DE8}") = "ipc", "ipc", "{AC0A61EB-2192-ECB0-CD46-FCCAE4182908}"
EndProject
Project("{FAE04EC0-301F-11D3-BF4B-00C04F79EFBC}") = "OpenBurnBar.Pal.Ipc.Tests", "tests\ipc\OpenBurnBar.Pal.Ipc.Tests.csproj", "{26100017-EC79-4180-B79E-E8D376E23766}"
EndProject
Project("{2150E333-8FDC-42A3-9474-1A3956D46DE8}") = "storage", "storage", "{2F2B95E5-6225-D1F4-CACB-8A4C26993FF3}"
EndProject
Project("{FAE04EC0-301F-11D3-BF4B-00C04F79EFBC}") = "OpenBurnBar.Storage", "storage\OpenBurnBar.Storage\OpenBurnBar.Storage.csproj", "{8D600CE2-4A6D-46D7-9054-E2E2B14A181B}"
EndProject
Project("{FAE04EC0-301F-11D3-BF4B-00C04F79EFBC}") = "OpenBurnBar.Storage.Tests", "storage\OpenBurnBar.Storage.Tests\OpenBurnBar.Storage.Tests.csproj", "{E71AB183-77E6-471B-811B-B85FD34B8D37}"
EndProject
Global
	GlobalSection(SolutionConfigurationPlatforms) = preSolution
		Debug|ARM64 = Debug|ARM64
		Debug|x64 = Debug|x64
		Debug|x86 = Debug|x86
		Debug|Any CPU = Debug|Any CPU
		Release|ARM64 = Release|ARM64
		Release|x64 = Release|x64
		Release|x86 = Release|x86
		Release|Any CPU = Release|Any CPU
	EndGlobalSection
	GlobalSection(ProjectConfigurationPlatforms) = postSolution
		{7AF4C8A5-6859-4D93-8D29-AEA089447216}.Debug|ARM64.ActiveCfg = Debug|ARM64
		{7AF4C8A5-6859-4D93-8D29-AEA089447216}.Debug|ARM64.Build.0 = Debug|ARM64
		{7AF4C8A5-6859-4D93-8D29-AEA089447216}.Debug|x64.ActiveCfg = Debug|x64
		{7AF4C8A5-6859-4D93-8D29-AEA089447216}.Debug|x64.Build.0 = Debug|x64
		{7AF4C8A5-6859-4D93-8D29-AEA089447216}.Debug|x86.ActiveCfg = Debug|x86
		{7AF4C8A5-6859-4D93-8D29-AEA089447216}.Debug|x86.Build.0 = Debug|x86
		{7AF4C8A5-6859-4D93-8D29-AEA089447216}.Debug|Any CPU.ActiveCfg = Debug|Any CPU
		{7AF4C8A5-6859-4D93-8D29-AEA089447216}.Debug|Any CPU.Build.0 = Debug|Any CPU
		{7AF4C8A5-6859-4D93-8D29-AEA089447216}.Release|ARM64.ActiveCfg = Release|ARM64
		{7AF4C8A5-6859-4D93-8D29-AEA089447216}.Release|ARM64.Build.0 = Release|ARM64
		{7AF4C8A5-6859-4D93-8D29-AEA089447216}.Release|x64.ActiveCfg = Release|x64
		{7AF4C8A5-6859-4D93-8D29-AEA089447216}.Release|x64.Build.0 = Release|x64
		{7AF4C8A5-6859-4D93-8D29-AEA089447216}.Release|x86.ActiveCfg = Release|x86
		{7AF4C8A5-6859-4D93-8D29-AEA089447216}.Release|x86.Build.0 = Release|x86
		{7AF4C8A5-6859-4D93-8D29-AEA089447216}.Release|Any CPU.ActiveCfg = Release|Any CPU
		{7AF4C8A5-6859-4D93-8D29-AEA089447216}.Release|Any CPU.Build.0 = Release|Any CPU
		{E8F70FB3-02F0-4F14-8EF8-CB4DD342848C}.Debug|ARM64.ActiveCfg = Debug|Any CPU
		{E8F70FB3-02F0-4F14-8EF8-CB4DD342848C}.Debug|ARM64.Build.0 = Debug|Any CPU
		{E8F70FB3-02F0-4F14-8EF8-CB4DD342848C}.Debug|x64.ActiveCfg = Debug|Any CPU
		{E8F70FB3-02F0-4F14-8EF8-CB4DD342848C}.Debug|x64.Build.0 = Debug|Any CPU
		{E8F70FB3-02F0-4F14-8EF8-CB4DD342848C}.Debug|x86.ActiveCfg = Debug|Any CPU
		{E8F70FB3-02F0-4F14-8EF8-CB4DD342848C}.Debug|x86.Build.0 = Debug|Any CPU
		{E8F70FB3-02F0-4F14-8EF8-CB4DD342848C}.Debug|Any CPU.ActiveCfg = Debug|Any CPU
		{E8F70FB3-02F0-4F14-8EF8-CB4DD342848C}.Debug|Any CPU.Build.0 = Debug|Any CPU
		{E8F70FB3-02F0-4F14-8EF8-CB4DD342848C}.Release|ARM64.ActiveCfg = Release|Any CPU
		{E8F70FB3-02F0-4F14-8EF8-CB4DD342848C}.Release|ARM64.Build.0 = Release|Any CPU
		{E8F70FB3-02F0-4F14-8EF8-CB4DD342848C}.Release|x64.ActiveCfg = Release|Any CPU
		{E8F70FB3-02F0-4F14-8EF8-CB4DD342848C}.Release|x64.Build.0 = Release|Any CPU
		{E8F70FB3-02F0-4F14-8EF8-CB4DD342848C}.Release|x86.ActiveCfg = Release|Any CPU
		{E8F70FB3-02F0-4F14-8EF8-CB4DD342848C}.Release|x86.Build.0 = Release|Any CPU
		{E8F70FB3-02F0-4F14-8EF8-CB4DD342848C}.Release|Any CPU.ActiveCfg = Release|Any CPU
		{E8F70FB3-02F0-4F14-8EF8-CB4DD342848C}.Release|Any CPU.Build.0 = Release|Any CPU
		{A3AA0E61-A9AA-4798-BF8A-E0327E7E9F75}.Debug|ARM64.ActiveCfg = Debug|Any CPU
		{A3AA0E61-A9AA-4798-BF8A-E0327E7E9F75}.Debug|ARM64.Build.0 = Debug|Any CPU
		{A3AA0E61-A9AA-4798-BF8A-E0327E7E9F75}.Debug|x64.ActiveCfg = Debug|Any CPU
		{A3AA0E61-A9AA-4798-BF8A-E0327E7E9F75}.Debug|x64.Build.0 = Debug|Any CPU
		{A3AA0E61-A9AA-4798-BF8A-E0327E7E9F75}.Debug|x86.ActiveCfg = Debug|Any CPU
		{A3AA0E61-A9AA-4798-BF8A-E0327E7E9F75}.Debug|x86.Build.0 = Debug|Any CPU
		{A3AA0E61-A9AA-4798-BF8A-E0327E7E9F75}.Debug|Any CPU.ActiveCfg = Debug|Any CPU
		{A3AA0E61-A9AA-4798-BF8A-E0327E7E9F75}.Debug|Any CPU.Build.0 = Debug|Any CPU
		{A3AA0E61-A9AA-4798-BF8A-E0327E7E9F75}.Release|ARM64.ActiveCfg = Release|Any CPU
		{A3AA0E61-A9AA-4798-BF8A-E0327E7E9F75}.Release|ARM64.Build.0 = Release|Any CPU
		{A3AA0E61-A9AA-4798-BF8A-E0327E7E9F75}.Release|x64.ActiveCfg = Release|Any CPU
		{A3AA0E61-A9AA-4798-BF8A-E0327E7E9F75}.Release|x64.Build.0 = Release|Any CPU
		{A3AA0E61-A9AA-4798-BF8A-E0327E7E9F75}.Release|x86.ActiveCfg = Release|Any CPU
		{A3AA0E61-A9AA-4798-BF8A-E0327E7E9F75}.Release|x86.Build.0 = Release|Any CPU
		{A3AA0E61-A9AA-4798-BF8A-E0327E7E9F75}.Release|Any CPU.ActiveCfg = Release|Any CPU
		{A3AA0E61-A9AA-4798-BF8A-E0327E7E9F75}.Release|Any CPU.Build.0 = Release|Any CPU
		{26100017-EC79-4180-B79E-E8D376E23766}.Debug|ARM64.ActiveCfg = Debug|Any CPU
		{26100017-EC79-4180-B79E-E8D376E23766}.Debug|ARM64.Build.0 = Debug|Any CPU
		{26100017-EC79-4180-B79E-E8D376E23766}.Debug|x64.ActiveCfg = Debug|Any CPU
		{26100017-EC79-4180-B79E-E8D376E23766}.Debug|x64.Build.0 = Debug|Any CPU
		{26100017-EC79-4180-B79E-E8D376E23766}.Debug|x86.ActiveCfg = Debug|Any CPU
		{26100017-EC79-4180-B79E-E8D376E23766}.Debug|x86.Build.0 = Debug|Any CPU
		{26100017-EC79-4180-B79E-E8D376E23766}.Debug|Any CPU.ActiveCfg = Debug|Any CPU
		{26100017-EC79-4180-B79E-E8D376E23766}.Debug|Any CPU.Build.0 = Debug|Any CPU
		{26100017-EC79-4180-B79E-E8D376E23766}.Release|ARM64.ActiveCfg = Release|Any CPU
		{26100017-EC79-4180-B79E-E8D376E23766}.Release|ARM64.Build.0 = Release|Any CPU
		{26100017-EC79-4180-B79E-E8D376E23766}.Release|x64.ActiveCfg = Release|Any CPU
		{26100017-EC79-4180-B79E-E8D376E23766}.Release|x64.Build.0 = Release|Any CPU
		{26100017-EC79-4180-B79E-E8D376E23766}.Release|x86.ActiveCfg = Release|Any CPU
		{26100017-EC79-4180-B79E-E8D376E23766}.Release|x86.Build.0 = Release|Any CPU
		{26100017-EC79-4180-B79E-E8D376E23766}.Release|Any CPU.ActiveCfg = Release|Any CPU
		{26100017-EC79-4180-B79E-E8D376E23766}.Release|Any CPU.Build.0 = Release|Any CPU
		{8D600CE2-4A6D-46D7-9054-E2E2B14A181B}.Debug|ARM64.ActiveCfg = Debug|Any CPU
		{8D600CE2-4A6D-46D7-9054-E2E2B14A181B}.Debug|ARM64.Build.0 = Debug|Any CPU
		{8D600CE2-4A6D-46D7-9054-E2E2B14A181B}.Debug|x64.ActiveCfg = Debug|Any CPU
		{8D600CE2-4A6D-46D7-9054-E2E2B14A181B}.Debug|x64.Build.0 = Debug|Any CPU
		{8D600CE2-4A6D-46D7-9054-E2E2B14A181B}.Debug|x86.ActiveCfg = Debug|Any CPU
		{8D600CE2-4A6D-46D7-9054-E2E2B14A181B}.Debug|x86.Build.0 = Debug|Any CPU
		{8D600CE2-4A6D-46D7-9054-E2E2B14A181B}.Debug|Any CPU.ActiveCfg = Debug|Any CPU
		{8D600CE2-4A6D-46D7-9054-E2E2B14A181B}.Debug|Any CPU.Build.0 = Debug|Any CPU
		{8D600CE2-4A6D-46D7-9054-E2E2B14A181B}.Release|ARM64.ActiveCfg = Release|Any CPU
		{8D600CE2-4A6D-46D7-9054-E2E2B14A181B}.Release|ARM64.Build.0 = Release|Any CPU
		{8D600CE2-4A6D-46D7-9054-E2E2B14A181B}.Release|x64.ActiveCfg = Release|Any CPU
		{8D600CE2-4A6D-46D7-9054-E2E2B14A181B}.Release|x64.Build.0 = Release|Any CPU
		{8D600CE2-4A6D-46D7-9054-E2E2B14A181B}.Release|x86.ActiveCfg = Release|Any CPU
		{8D600CE2-4A6D-46D7-9054-E2E2B14A181B}.Release|x86.Build.0 = Release|Any CPU
		{8D600CE2-4A6D-46D7-9054-E2E2B14A181B}.Release|Any CPU.ActiveCfg = Release|Any CPU
		{8D600CE2-4A6D-46D7-9054-E2E2B14A181B}.Release|Any CPU.Build.0 = Release|Any CPU
		{E71AB183-77E6-471B-811B-B85FD34B8D37}.Debug|ARM64.ActiveCfg = Debug|Any CPU
		{E71AB183-77E6-471B-811B-B85FD34B8D37}.Debug|ARM64.Build.0 = Debug|Any CPU
		{E71AB183-77E6-471B-811B-B85FD34B8D37}.Debug|x64.ActiveCfg = Debug|Any CPU
		{E71AB183-77E6-471B-811B-B85FD34B8D37}.Debug|x64.Build.0 = Debug|Any CPU
		{E71AB183-77E6-471B-811B-B85FD34B8D37}.Debug|x86.ActiveCfg = Debug|Any CPU
		{E71AB183-77E6-471B-811B-B85FD34B8D37}.Debug|x86.Build.0 = Debug|Any CPU
		{E71AB183-77E6-471B-811B-B85FD34B8D37}.Debug|Any CPU.ActiveCfg = Debug|Any CPU
		{E71AB183-77E6-471B-811B-B85FD34B8D37}.Debug|Any CPU.Build.0 = Debug|Any CPU
		{E71AB183-77E6-471B-811B-B85FD34B8D37}.Release|ARM64.ActiveCfg = Release|Any CPU
		{E71AB183-77E6-471B-811B-B85FD34B8D37}.Release|ARM64.Build.0 = Release|Any CPU
		{E71AB183-77E6-471B-811B-B85FD34B8D37}.Release|x64.ActiveCfg = Release|Any CPU
		{E71AB183-77E6-471B-811B-B85FD34B8D37}.Release|x64.Build.0 = Release|Any CPU
		{E71AB183-77E6-471B-811B-B85FD34B8D37}.Release|x86.ActiveCfg = Release|Any CPU
		{E71AB183-77E6-471B-811B-B85FD34B8D37}.Release|x86.Build.0 = Release|Any CPU
		{E71AB183-77E6-471B-811B-B85FD34B8D37}.Release|Any CPU.ActiveCfg = Release|Any CPU
		{E71AB183-77E6-471B-811B-B85FD34B8D37}.Release|Any CPU.Build.0 = Release|Any CPU
	EndGlobalSection
	GlobalSection(SolutionProperties) = preSolution
		HideSolutionNode = FALSE
	EndGlobalSection
	GlobalSection(NestedProjects) = preSolution
		{FF1D8F69-183C-A9DB-0BFC-B83AE28A4C7B} = {BF88088E-BCD5-7E39-D285-63670732B764}
		{E8F70FB3-02F0-4F14-8EF8-CB4DD342848C} = {FF1D8F69-183C-A9DB-0BFC-B83AE28A4C7B}
		{C4D98492-3719-6BE2-38B9-B2BA07598A1C} = {BF88088E-BCD5-7E39-D285-63670732B764}
		{A3AA0E61-A9AA-4798-BF8A-E0327E7E9F75} = {C4D98492-3719-6BE2-38B9-B2BA07598A1C}
		{AC0A61EB-2192-ECB0-CD46-FCCAE4182908} = {0AB3BF05-4346-4AA6-1389-037BE0695223}
		{26100017-EC79-4180-B79E-E8D376E23766} = {AC0A61EB-2192-ECB0-CD46-FCCAE4182908}
		{8D600CE2-4A6D-46D7-9054-E2E2B14A181B} = {2F2B95E5-6225-D1F4-CACB-8A4C26993FF3}
		{E71AB183-77E6-471B-811B-B85FD34B8D37} = {2F2B95E5-6225-D1F4-CACB-8A4C26993FF3}
	EndGlobalSection
EndGlobal
