{
  "name": "@openburnbar/libsignal-bridge",
  "version": "0.1.0",
  "lockfileVersion": 3,
  "requires": true,
  "packages": {
    "": {
      "name": "@openburnbar/libsignal-bridge",
      "version": "0.1.0",
      "license": "AGPL-3.0-only",
      "dependencies": {
        "@signalapp/libsignal-client": "0.103.0"
      },
      "devDependencies": {
        "@types/node": "^24.6.0",
        "typescript": "^5.9.3"
      }
    },
    "node_modules/@signalapp/libsignal-client": {
      "version": "0.103.0",
      "resolved": "https://registry.npmjs.org/@signalapp/libsignal-client/-/libsignal-client-0.103.0.tgz",
      "integrity": "sha512-eTPT0ebDsoriIjeMjuB882H51UpFXnWDIu43VX0uBSM6iryKmCa0zxabncrS6xG0KJqAc+Modjkhk0nk+w2k+A==",
      "hasInstallScript": true,
      "license": "AGPL-3.0-only",
      "dependencies": {
        "node-gyp-build": "^4.8.0",
        "type-fest": "^4.26.0"
      }
    },
    "node_modules/@types/node": {
      "version": "24.19.0",
      "resolved": "https://registry.npmjs.org/@types/node/-/node-24.19.0.tgz",
      "integrity": "sha512-zY+5tKxXdhGh1PYI0ac+7juvEu4OI6vWtVVoj5i2m42jxAY1U+zHGt6QCyOFwykdP62sM3MJ9stoYYUw5aCWew==",
      "dev": true,
      "license": "MIT",
      "dependencies": {
        "undici-types": ">=7.24.0 <7.24.7"
      }
    },
    "node_modules/node-gyp-build": {
      "version": "4.8.4",
      "resolved": "https://registry.npmjs.org/node-gyp-build/-/node-gyp-build-4.8.4.tgz",
      "integrity": "sha512-LA4ZjwlnUblHVgq0oBF3Jl/6h/Nvs5fzBLwdEF4nuxnFdsfajde4WfxtJr3CaiH+F6ewcIB/q4jQ4UzPyid+CQ==",
      "license": "MIT",
      "bin": {
        "node-gyp-build": "bin.js",
        "node-gyp-build-optional": "optional.js",
        "node-gyp-build-test": "build-test.js"
      }
    },
    "node_modules/type-fest": {
      "version": "4.41.0",
      "resolved": "https://registry.npmjs.org/type-fest/-/type-fest-4.41.0.tgz",
      "integrity": "sha512-TeTSQ6H5YHvpqVwBRcnLDCBnDOHWYu7IvGbHT6N8AOymcr9PJGjc1GTtiWZTYg0NCgYwvnYWEkVChQAr9bjfwA==",
      "license": "(MIT OR CC0-1.0)",
      "engines": {
        "node": ">=16"
      },
      "funding": {
        "url": "https://github.com/sponsors/sindresorhus"
      }
    },
    "node_modules/typescript": {
      "version": "5.9.3",
      "resolved": "https://registry.npmjs.org/typescript/-/typescript-5.9.3.tgz",
      "integrity": "sha512-jl1vZzPDinLr9eUt3J/t7V6FgNEw9QjvBPdysz9KfQDD41fQrC2Y4vKQdiaUpFT4bXlb1RHhLpp8wtm6M5TgSw==",
      "dev": true,
      "license": "Apache-2.0",
      "bin": {
        "tsc": "bin/tsc",
        "tsserver": "bin/tsserver"
      },
      "engines": {
        "node": ">=14.17"
      }
    },
    "node_modules/undici-types": {
      "version": "7.24.6",
      "resolved": "https://registry.npmjs.org/undici-types/-/undici-types-7.24.6.tgz",
      "integrity": "sha512-WRNW+sJgj5OBN4/0JpHFqtqzhpbnV0GuB+OozA9gCL7a993SmU+1JBZCzLNxYsbMfIeDL+lTsphD5jN5N+n0zg==",
      "dev": true,
      "license": "MIT"
    }
  }
}
