{
  "originHash" : "b3087bbd271ce13eb1933b039f89a61122f4adc58612bd53450f530aeca65021",
  "pins" : [
    {
      "identity" : "sentry-cocoa",
      "kind" : "remoteSourceControl",
      "location" : "https://github.com/getsentry/sentry-cocoa",
      "state" : {
        "revision" : "2c420d31d0c31b525fa9e7c552ef0fc9d924befc",
        "version" : "9.17.1"
      }
    },
    {
      "identity" : "sqlcipher.swift",
      "kind" : "remoteSourceControl",
      "location" : "https://github.com/sqlcipher/SQLCipher.swift.git",
      "state" : {
        "revision" : "07bf6bc2191a063d6f1e7c3b5f276a3fadfe36b7",
        "version" : "4.16.0"
      }
    }
  ],
  "version" : 3
}
