{
  "originHash" : "2bdd8ecdd75a17d422ab14c1ebc8bdb1adc3076040cb979968f11d1e40565bb8",
  "pins" : [
    {
      "identity" : "grdb-sqlcipher",
      "kind" : "remoteSourceControl",
      "location" : "https://github.com/SahebRoy92/GRDB-SQLCipher.git",
      "state" : {
        "revision" : "2cf6c756e1e5ef6901ebae16576a7e4e4b834622",
        "version" : "6.29.3"
      }
    },
    {
      "identity" : "sentry-cocoa",
      "kind" : "remoteSourceControl",
      "location" : "https://github.com/getsentry/sentry-cocoa",
      "state" : {
        "revision" : "193d313fbfd9affaf2be1692a0284a3b6574c515",
        "version" : "9.14.0"
      }
    }
  ],
  "version" : 3
}
