{
  "name": "@openburnbar/libsignal-protocol",
  "version": "0.1.0",
  "lockfileVersion": 3,
  "requires": true,
  "packages": {
    "": {
      "name": "@openburnbar/libsignal-protocol",
      "version": "0.1.0",
      "license": "AGPL-3.0-only",
      "dependencies": {
        "@openburnbar/libsignal-bridge": "file:../libsignal-bridge",
        "@openburnbar/signal-envelope-contracts": "file:../signal-envelope-contracts"
      },
      "devDependencies": {
        "@types/node": "^20.19.0",
        "typescript": "^5.5.4"
      }
    },
    "../libsignal-bridge": {
      "name": "@openburnbar/libsignal-bridge",
      "version": "0.1.0",
      "license": "AGPL-3.0-only",
      "dependencies": {
        "@signalapp/libsignal-client": "0.94.4"
      },
      "devDependencies": {
        "@types/node": "^24.6.0",
        "typescript": "^5.9.3"
      }
    },
    "../signal-envelope-contracts": {
      "name": "@openburnbar/signal-envelope-contracts",
      "version": "0.1.0",
      "license": "AGPL-3.0-only",
      "devDependencies": {
        "@types/node": "^24.6.0",
        "typescript": "^5.9.3"
      }
    },
    "node_modules/@openburnbar/libsignal-bridge": {
      "resolved": "../libsignal-bridge",
      "link": true
    },
    "node_modules/@openburnbar/signal-envelope-contracts": {
      "resolved": "../signal-envelope-contracts",
      "link": true
    },
    "node_modules/@types/node": {
      "version": "20.19.41",
      "resolved": "https://registry.npmjs.org/@types/node/-/node-20.19.41.tgz",
      "integrity": "sha512-ECymXOukMnOoVkC2bb1Vc/w/836DXncOg5m8Xj1RH7xSHZJWNYY6Zh7EH477vcnD5egKNNfy2RpNOmuChhFPgQ==",
      "dev": true,
      "license": "MIT",
      "dependencies": {
        "undici-types": "~6.21.0"
      }
    },
    "node_modules/typescript": {
      "version": "5.9.3",
      "resolved": "https://registry.npmjs.org/typescript/-/typescript-5.9.3.tgz",
      "integrity": "sha512-jl1vZzPDinLr9eUt3J/t7V6FgNEw9QjvBPdysz9KfQDD41fQrC2Y4vKQdiaUpFT4bXlb1RHhLpp8wtm6M5TgSw==",
      "dev": true,
      "license": "Apache-2.0",
      "bin": {
        "tsc": "bin/tsc",
        "tsserver": "bin/tsserver"
      },
      "engines": {
        "node": ">=14.17"
      }
    },
    "node_modules/undici-types": {
      "version": "6.21.0",
      "resolved": "https://registry.npmjs.org/undici-types/-/undici-types-6.21.0.tgz",
      "integrity": "sha512-iwDZqg0QAGrg9Rav5H4n0M64c3mkR59cJ6wQp+7C4nI0gsmExaedaYLNO44eT4AtBBwjbTiGPMlt2Md0T9H9JQ==",
      "dev": true,
      "license": "MIT"
    }
  }
}
