{
  "name": "@openburnbar/hermes-signal-runtime",
  "lockfileVersion": 3,
  "requires": true,
  "packages": {
    "": {
      "name": "@openburnbar/hermes-signal-runtime",
      "dependencies": {
        "@openburnbar/libsignal-protocol": "file:../../../packages/libsignal-protocol"
      },
      "engines": {
        "node": ">=20"
      }
    },
    "../../../packages/libsignal-protocol": {
      "name": "@openburnbar/libsignal-protocol",
      "version": "0.1.0",
      "license": "AGPL-3.0-only",
      "dependencies": {
        "@openburnbar/libsignal-bridge": "file:../libsignal-bridge",
        "@openburnbar/signal-envelope-contracts": "file:../signal-envelope-contracts"
      },
      "devDependencies": {
        "@eslint/js": "9.39.4",
        "@types/node": "^20.19.0",
        "eslint": "9.39.4",
        "globals": "17.6.0",
        "typescript": "^5.5.4",
        "typescript-eslint": "8.60.1"
      }
    },
    "node_modules/@openburnbar/libsignal-protocol": {
      "resolved": "../../../packages/libsignal-protocol",
      "link": true
    }
  }
}
