// !$*UTF8*$!
{
	archiveVersion = 1;
	classes = {
	};
	objectVersion = 77;
	objects = {

/* Begin PBXBuildFile section */
		00AC75B060491F5A14E576FA /* BurnBarConfigStore.swift in Sources */ = {isa = PBXBuildFile; fileRef = 5520282B54D5B55516E83A6A /* BurnBarConfigStore.swift */; };
		00CF8F604CC04B577CA6CFF0 /* AppLogoView.swift in Sources */ = {isa = PBXBuildFile; fileRef = 4A6CBCC17F090BB09BDB45E2 /* AppLogoView.swift */; };
		B1C2D3E4F5060712 /* DashboardActionGlyphs.swift in Sources */ = {isa = PBXBuildFile; fileRef = B1C2D3E4F5060711 /* DashboardActionGlyphs.swift */; };
		023221EFD1C35F98213C2672 /* libBurnBarDaemon.a in Frameworks */ = {isa = PBXBuildFile; fileRef = F18060AB007AAC6A073EE77F /* libBurnBarDaemon.a */; };
		05A6E3A1E5E7A10FD483BC7B /* ProviderLogoView.swift in Sources */ = {isa = PBXBuildFile; fileRef = 1CBD27204008085BDEAC3BF0 /* ProviderLogoView.swift */; };
		F7E6D5C4B3A291807061554F3 /* ProviderQuotaViews.swift in Sources */ = {isa = PBXBuildFile; fileRef = F7E6D5C4B3A291807061554F2 /* ProviderQuotaViews.swift */; };
		F7E6D5C4B3A291807061554DA /* ModelProviderLogoView.swift in Sources */ = {isa = PBXBuildFile; fileRef = F7E6D5C4B3A291807061554D9 /* ModelProviderLogoView.swift */; };
		F7E6D5C4B3A291807061554E1 /* SessionLedgerSection.swift in Sources */ = {isa = PBXBuildFile; fileRef = F7E6D5C4B3A291807061554E0 /* SessionLedgerSection.swift */; };
		0B81470A3FAFC854A11B8D48 /* SearchService.swift in Sources */ = {isa = PBXBuildFile; fileRef = 84E08215997E4EC968826D45 /* SearchService.swift */; };
		0C6144388B50FEA9575D4ECB /* AgentLensApp.swift in Sources */ = {isa = PBXBuildFile; fileRef = 0BB63B965BA4D6A7398DEE39 /* AgentLensApp.swift */; };
		0C9D72C6C2B0FE162D901F43 /* BurnBarProviderExecutor.swift in Sources */ = {isa = PBXBuildFile; fileRef = 0224B1ACC9473291EF8A1BA3 /* BurnBarProviderExecutor.swift */; };
		0E56C051DACB1C66589F2A31 /* KimiParser.swift in Sources */ = {isa = PBXBuildFile; fileRef = 021276DEE6679BDBF0E71042 /* KimiParser.swift */; };
		15E5CD3894F270D058BB4EC0 /* InsightCardView.swift in Sources */ = {isa = PBXBuildFile; fileRef = 787CA705F565BE6C5765A7F7 /* InsightCardView.swift */; };
		1EF1BE9D77D9BFB209A4C144 /* CursorConnectorManager.swift in Sources */ = {isa = PBXBuildFile; fileRef = 34DC63AE4066BA4C15C2AD9B /* CursorConnectorManager.swift */; };
		2160E0861FDA738ABA9FB7F2 /* ConversationIndexer.swift in Sources */ = {isa = PBXBuildFile; fileRef = F78AAB24FFCF6E834BEF9F57 /* ConversationIndexer.swift */; };
		24CC9553D5FCF5770DD2B335 /* BurnBarDaemonConfiguration.swift in Sources */ = {isa = PBXBuildFile; fileRef = A99AFB17D951FAEEA4824E20 /* BurnBarDaemonConfiguration.swift */; };
		267D5B08C8170557A8B5B8A2 /* DailyDigestManager.swift in Sources */ = {isa = PBXBuildFile; fileRef = EAC7BF69A4E9C2151614E0DB /* DailyDigestManager.swift */; };
		279D475C721B1D66032D1A40 /* ChatPanel.swift in Sources */ = {isa = PBXBuildFile; fileRef = 2DB93DCF073DBA419A279F7B /* ChatPanel.swift */; };
		28E2E74FB32DF78342143C1A /* ChatSessionController.swift in Sources */ = {isa = PBXBuildFile; fileRef = E868B210AF80295AB84F5900 /* ChatSessionController.swift */; };
		28FAE9E14D36DEE0C584ACFF /* BurnBarClientRegistry.swift in Sources */ = {isa = PBXBuildFile; fileRef = B142C292956B5143453C2D3B /* BurnBarClientRegistry.swift */; };
		2989CD7BDFFAEA0A58660E79 /* BurnBarDaemonManagerTests.swift in Sources */ = {isa = PBXBuildFile; fileRef = DF00DDB2DC457FA8BCF2FD41 /* BurnBarDaemonManagerTests.swift */; };
		2DDBB36CB651B9922A12F0D6 /* AgentLensTests.swift in Sources */ = {isa = PBXBuildFile; fileRef = 180D764BB278219C8C08C531 /* AgentLensTests.swift */; };
		F7E6D5C4B3A291807061554F5 /* ProviderQuotaServiceTests.swift in Sources */ = {isa = PBXBuildFile; fileRef = F7E6D5C4B3A291807061554F4 /* ProviderQuotaServiceTests.swift */; };
		345CE3C3DC3EEFE4EDDCE6BF /* InsightBriefCard.swift in Sources */ = {isa = PBXBuildFile; fileRef = 846CF10DE54AA8C66CDD7699 /* InsightBriefCard.swift */; };
		353FC2A36D8DB60F6018E9F5 /* BurnBarIdentity.swift in Sources */ = {isa = PBXBuildFile; fileRef = 7A75541FE7442B29F4894BCC /* BurnBarIdentity.swift */; };
		3BAB70BEDBC07D8A19C3E307 /* DashboardView.swift in Sources */ = {isa = PBXBuildFile; fileRef = 2AF3B136474EC87BAFF9A3B1 /* DashboardView.swift */; };
		3D4793ECE8FBF7FBEBD9E7C4 /* UsageAggregator.swift in Sources */ = {isa = PBXBuildFile; fileRef = 0C27E98F51683D9AACE8A82F /* UsageAggregator.swift */; };
		F7E6D5C4B3A291807061554F1 /* ProviderQuotaService.swift in Sources */ = {isa = PBXBuildFile; fileRef = F7E6D5C4B3A291807061554F0 /* ProviderQuotaService.swift */; };
		3E8D4A575AB9E29537153CE3 /* BurnBarProviderRouterTests.swift in Sources */ = {isa = PBXBuildFile; fileRef = 00797E78E3EB2460BC73F717 /* BurnBarProviderRouterTests.swift */; };
		416A01A17B8084A11BE4CD21 /* MenuBarPopoverView.swift in Sources */ = {isa = PBXBuildFile; fileRef = DB62777DDFCCE7756CE2583E /* MenuBarPopoverView.swift */; };
		42953BEAE38B676C6EBD6384 /* AccountManager.swift in Sources */ = {isa = PBXBuildFile; fileRef = 919C163E3845CED5CB2A8D6A /* AccountManager.swift */; };
		4B7A04331CE08B83EF78E9E8 /* FirebaseFirestore in Frameworks */ = {isa = PBXBuildFile; productRef = 75A41CA28F5F94306C9AEBD3 /* FirebaseFirestore */; };
		4C169BE060466EBFA824FE12 /* MiniSparkline.swift in Sources */ = {isa = PBXBuildFile; fileRef = FA53CDBBD782834EC9FA51B8 /* MiniSparkline.swift */; };
		4C1DEE0A243A0D0F82A5F94B /* ContextBuilder.swift in Sources */ = {isa = PBXBuildFile; fileRef = 0C0C003B0BC42F2B9629E344 /* ContextBuilder.swift */; };
		4D455F701D9DB63B75DB7138 /* BurnBarDaemonManager.swift in Sources */ = {isa = PBXBuildFile; fileRef = AC89C463323EF989AEA92AE4 /* BurnBarDaemonManager.swift */; };
		538B4122D661C21C5C78795F /* ChatFAB.swift in Sources */ = {isa = PBXBuildFile; fileRef = 3A6FC3BE7A6E6EA1AFE3E41E /* ChatFAB.swift */; };
		56A87437FBFF7D3BD7131711 /* FactoryDroidParser.swift in Sources */ = {isa = PBXBuildFile; fileRef = B31C24B995A2CBBB18265152 /* FactoryDroidParser.swift */; };
		5C0724473518856FD77FD381 /* NarrativeCardView.swift in Sources */ = {isa = PBXBuildFile; fileRef = 0263618C9749E500C938C0B1 /* NarrativeCardView.swift */; };
		5CEB345FDC7C5D565C8C6CB2 /* GoogleService-Info.plist in Resources */ = {isa = PBXBuildFile; fileRef = 36350E32BFC87CC729892DE2 /* GoogleService-Info.plist */; };
		63129433EF48F8636FCB8B1A /* SettingsView.swift in Sources */ = {isa = PBXBuildFile; fileRef = FD6F26FB866B92E10DC33128 /* SettingsView.swift */; };
		64396AEAD16A95B365B5C34D /* DesignSystem.swift in Sources */ = {isa = PBXBuildFile; fileRef = 57C75EE1CC1C5085466E59BE /* DesignSystem.swift */; };
		F7E6D5C4B3A291807061554D8 /* LLMModelBrand.swift in Sources */ = {isa = PBXBuildFile; fileRef = F7E6D5C4B3A291807061554D7 /* LLMModelBrand.swift */; };
		6739A74B4744612379228EB0 /* BurnBarCore in Frameworks */ = {isa = PBXBuildFile; productRef = 5B28647A9AFE4CA61A02C4FA /* BurnBarCore */; };
		6A4DAC63BB30F8458BFACE26 /* Assets.xcassets in Resources */ = {isa = PBXBuildFile; fileRef = DB25ED0122B25402A8274537 /* Assets.xcassets */; };
		6EA6639C091DB34D5D77EEC4 /* BurnBarProviderRouter.swift in Sources */ = {isa = PBXBuildFile; fileRef = 2CD47FEE60B1D5715C8E94F1 /* BurnBarProviderRouter.swift */; };
		720603691FA7249468178568 /* BurnBarProviderCatalogSupport.swift in Sources */ = {isa = PBXBuildFile; fileRef = E43E6640557CB14B9782F17F /* BurnBarProviderCatalogSupport.swift */; };
		7D62BA6F6FCE298E4AD710F9 /* CloudSyncService.swift in Sources */ = {isa = PBXBuildFile; fileRef = 6CD006CD9B9241D1364DE204 /* CloudSyncService.swift */; };
		AA11BB22CC33DD44EE556601 /* ICloudSessionMirrorService.swift in Sources */ = {isa = PBXBuildFile; fileRef = AA11BB22CC33DD44EE556600 /* ICloudSessionMirrorService.swift */; };
		CC11DD22EE33445566778801 /* SessionLogMarkdownFormatter.swift in Sources */ = {isa = PBXBuildFile; fileRef = CC11DD22EE33445566778800 /* SessionLogMarkdownFormatter.swift */; };
		EE11AA22BB33CC44DD55EE01 /* SessionLogsView.swift in Sources */ = {isa = PBXBuildFile; fileRef = EE11AA22BB33CC44DD55EE00 /* SessionLogsView.swift */; };
		86FE7AA85FD388F048D169AF /* KeychainStore.swift in Sources */ = {isa = PBXBuildFile; fileRef = E585C2B7DE464924EC3F5751 /* KeychainStore.swift */; };
		8A964B0CD5A05F81129CEF49 /* ThemeManager.swift in Sources */ = {isa = PBXBuildFile; fileRef = 0E1396996BD4F1A33C8202CE /* ThemeManager.swift */; };
		8B70B20C4CB174C0EE104F0B /* AgentProvider.swift in Sources */ = {isa = PBXBuildFile; fileRef = 93861E410EAF0BE0E52F57BC /* AgentProvider.swift */; };
		8D1ECC59ACF18EC42BC81573 /* CursorConnectorModels.swift in Sources */ = {isa = PBXBuildFile; fileRef = 7356C2B877EAD026DC34C39C /* CursorConnectorModels.swift */; };
		8D77F5D4F3A5E3DC6A2BF45C /* ClaudeCodeParser.swift in Sources */ = {isa = PBXBuildFile; fileRef = 3C00538BB191C7829B9351C9 /* ClaudeCodeParser.swift */; };
		8D8FB67B13FDEA50063C1207 /* FirebaseAuth in Frameworks */ = {isa = PBXBuildFile; productRef = 13242102B8AB16D7BF4F0829 /* FirebaseAuth */; };
		919C9DB35478E7E2BC98E194 /* BurnBarDaemonMain.swift in Sources */ = {isa = PBXBuildFile; fileRef = B10B81A290BB2FA13F52EF43 /* BurnBarDaemonMain.swift */; };
		93F39ED729B41A62FFECA398 /* ChatMessageView.swift in Sources */ = {isa = PBXBuildFile; fileRef = DD8DDB67F7353521940AE65A /* ChatMessageView.swift */; };
		98E18FD279ED3571BCE5686D /* CursorConnectorTests.swift in Sources */ = {isa = PBXBuildFile; fileRef = DD03FDBE76B81491FE3AD390 /* CursorConnectorTests.swift */; };
		995479B39BB2DB0BBB7C851A /* BurnBarDaemonServer.swift in Sources */ = {isa = PBXBuildFile; fileRef = 4F22BFE4FEA6AE9B6DF55F0E /* BurnBarDaemonServer.swift */; };
		996C4E4C0C5D370445E86E59 /* CLIAssistantConsentSheet.swift in Sources */ = {isa = PBXBuildFile; fileRef = 95ABBBF9B8FF86B6A0C98A69 /* CLIAssistantConsentSheet.swift */; };
		99C8CB701F5F799C65404F13 /* libBurnBarDaemon.a in Frameworks */ = {isa = PBXBuildFile; fileRef = F18060AB007AAC6A073EE77F /* libBurnBarDaemon.a */; };
		9BF79DF35C6E49FCCF10E7AE /* InsightEngine.swift in Sources */ = {isa = PBXBuildFile; fileRef = 8C7570151F5AA138EA100752 /* InsightEngine.swift */; };
		A46C2B6F13102032252A1F21 /* ProjectsView.swift in Sources */ = {isa = PBXBuildFile; fileRef = F4FDA5107B5C32DF13BF1B1C /* ProjectsView.swift */; };
		A4C3A23CC6CEE7590D98DA78 /* BurnBarRunServiceTests.swift in Sources */ = {isa = PBXBuildFile; fileRef = EA8F159F87C03C164ABE2FD2 /* BurnBarRunServiceTests.swift */; };
		A5DDAF93CA320ED6D4AF538F /* BurnBarUsageRecorder.swift in Sources */ = {isa = PBXBuildFile; fileRef = D11E1C39E4D9A409079BF406 /* BurnBarUsageRecorder.swift */; };
		A89458ED3F44A60CAFC0379D /* BurnBarDaemonServerTests.swift in Sources */ = {isa = PBXBuildFile; fileRef = 99E38E58D2F026F93D17F205 /* BurnBarDaemonServerTests.swift */; };
		A9B05FFB93001CF32AC82F48 /* Formatting.swift in Sources */ = {isa = PBXBuildFile; fileRef = 979643508E77719C5C1D947C /* Formatting.swift */; };
		AAF91CB4D31BF1A344E7BA87 /* SessionDetailView.swift in Sources */ = {isa = PBXBuildFile; fileRef = EAD45369DB6FF2FB2D144762 /* SessionDetailView.swift */; };
		ADC3D20DDABC845D7ECF52D3 /* ColorAdaptive.swift in Sources */ = {isa = PBXBuildFile; fileRef = 09680869E5BE9F09B6BA54AA /* ColorAdaptive.swift */; };
		AE2F79139358807805CF4C9D /* BurnBarUsageRecorderTests.swift in Sources */ = {isa = PBXBuildFile; fileRef = 92599A99F821919AC0FC4801 /* BurnBarUsageRecorderTests.swift */; };
		B801CB334DBD194CD3CCC5C9 /* GoogleService-Info.plist.example in Resources */ = {isa = PBXBuildFile; fileRef = 516803FEE424627EFA549B4B /* GoogleService-Info.plist.example */; };
		C0C391E1AE3B91F98AA817F9 /* ModelPricing.swift in Sources */ = {isa = PBXBuildFile; fileRef = B4DF7BE299DBC731B8FECEBB /* ModelPricing.swift */; };
		C3789CDE17F2855242A5D2F5 /* DataStore.swift in Sources */ = {isa = PBXBuildFile; fileRef = 101905159A0133B28DE3CE39 /* DataStore.swift */; };
		C816F174DDC961A6C2F3A963 /* GoogleSignIn in Frameworks */ = {isa = PBXBuildFile; productRef = F04B5C9B1DD26137230DCDBC /* GoogleSignIn */; };
		CD06514B50B91D4D3095D771 /* 66e1b25cc9185ef537421b18_Factory.ai.webp in Resources */ = {isa = PBXBuildFile; fileRef = D7EB9931E680E925C69C44C5 /* 66e1b25cc9185ef537421b18_Factory.ai.webp */; };
		D0F0586121A4838BB6D1BBB0 /* GRDB in Frameworks */ = {isa = PBXBuildFile; productRef = E37D681CEE596C358C399E97 /* GRDB */; };
		D1465342E1C49F1C5B32D9BF /* ClaudeConversationExtractor.swift in Sources */ = {isa = PBXBuildFile; fileRef = 8DCE6654BB36FDEC775973BE /* ClaudeConversationExtractor.swift */; };
		D405A794676962042118DB54 /* BurnBarRunService.swift in Sources */ = {isa = PBXBuildFile; fileRef = B13A8FC66EDEA2DD7E67043B /* BurnBarRunService.swift */; };
		D45856434D21B5ADBE66D70A /* CLIBridge.swift in Sources */ = {isa = PBXBuildFile; fileRef = F729FDFE6D34B6F03B5DDCA9 /* CLIBridge.swift */; };
		DB41ABA17ADE496572FC7246 /* BurnBarCore in Frameworks */ = {isa = PBXBuildFile; productRef = 3404298C8DE53D53D16D8D4B /* BurnBarCore */; };
		E0A8312686E5453E69374B2E /* BurnBarConfigStoreTests.swift in Sources */ = {isa = PBXBuildFile; fileRef = 362C0D92E7C496843E0AF8C6 /* BurnBarConfigStoreTests.swift */; };
		E0AF93D560D7D5C985E42467 /* BurnBarDaemonLogger.swift in Sources */ = {isa = PBXBuildFile; fileRef = D907E693E39D95550BE34A51 /* BurnBarDaemonLogger.swift */; };
		E51DD6FEEC5C264E8BB711DC /* SettingsManager.swift in Sources */ = {isa = PBXBuildFile; fileRef = 33CC7CCE2E9BF08471CE475C /* SettingsManager.swift */; };
		E616D6AB30E4E8668C86DDD3 /* BurnBarMigrationTests.swift in Sources */ = {isa = PBXBuildFile; fileRef = FB2B6C595EE40639297CBC2A /* BurnBarMigrationTests.swift */; };
		E9F2A8ED3429D40FF1A5FBC5 /* ProviderTheme.swift in Sources */ = {isa = PBXBuildFile; fileRef = DBA805C308D29564142BA7F9 /* ProviderTheme.swift */; };
		EEDDF4098BDB681E68B3DCD8 /* AppDelegate.swift in Sources */ = {isa = PBXBuildFile; fileRef = 796FA1BE8E5B299F6ACC23EB /* AppDelegate.swift */; };
		F20A38289F6B1139A1020E37 /* BurnBarWorkspaceBridgeBroker.swift in Sources */ = {isa = PBXBuildFile; fileRef = 4991EDE1CCF21B7D26E86CF8 /* BurnBarWorkspaceBridgeBroker.swift */; };
		F96F34F5EB13D199D821A7EC /* ProviderDashboardView.swift in Sources */ = {isa = PBXBuildFile; fileRef = 2D3647B2340086A90F0DEF7D /* ProviderDashboardView.swift */; };
		FC0F0E2E8CD05CDD418B22F9 /* LogParserProtocol.swift in Sources */ = {isa = PBXBuildFile; fileRef = A092BBAFB87D0879CA16B36D /* LogParserProtocol.swift */; };
		FCB2B100086EB32711D2677A /* OnboardingView.swift in Sources */ = {isa = PBXBuildFile; fileRef = BD8EEF117D24EF855E0ADBF6 /* OnboardingView.swift */; };
		FDCF746FB0D1A9FFA4775177 /* ConversationParsingTests.swift in Sources */ = {isa = PBXBuildFile; fileRef = 65A09A8DD647C8765C28A970 /* ConversationParsingTests.swift */; };
		FF7C1830F6BB33A71CD79EE4 /* ConversationRecord.swift in Sources */ = {isa = PBXBuildFile; fileRef = E62DF2D96D023A5FF92F39C1 /* ConversationRecord.swift */; };
		FFBFE6597948663C685FE51C /* BurnBarCore in Frameworks */ = {isa = PBXBuildFile; productRef = 672895C82DE1B508B5837144 /* BurnBarCore */; };
		ACCEEE5A80DA4687 /* TokenExtractionUtility.swift in Sources */ = {isa = PBXBuildFile; fileRef = F55E2D3423A38320 /* TokenExtractionUtility.swift */; };
		89E93E81049A0FA5 /* ClineFormatParser.swift in Sources */ = {isa = PBXBuildFile; fileRef = 7E4A10B7710EB0F2 /* ClineFormatParser.swift */; };
		54E6263A0ECCF0EB /* ForgeDevParser.swift in Sources */ = {isa = PBXBuildFile; fileRef = 48EC6B685D165B26 /* ForgeDevParser.swift */; };
		A9C74FE3309C0F35 /* AugmentParser.swift in Sources */ = {isa = PBXBuildFile; fileRef = D6F0E5558518D32A /* AugmentParser.swift */; };
		5F53D5E9AB35BEFF /* HermesParser.swift in Sources */ = {isa = PBXBuildFile; fileRef = D43E367CD152C32C /* HermesParser.swift */; };
		B2C3D4E5F6070809 /* ModelDashboardView.swift in Sources */ = {isa = PBXBuildFile; fileRef = A1B2C3D4E5F60708 /* ModelDashboardView.swift */; };
		C0FFEE01DEAD0003BEEF0002 /* BurnBarAgentLoopService.swift in Sources */ = {isa = PBXBuildFile; fileRef = C0FFEE01DEAD0003BEEF0001 /* BurnBarAgentLoopService.swift */; };
		C0FFEE01DEAD0002BEEF0002 /* BurnBarContextSelector.swift in Sources */ = {isa = PBXBuildFile; fileRef = C0FFEE01DEAD0002BEEF0001 /* BurnBarContextSelector.swift */; };
		C0FFEE01DEAD0001BEEF0002 /* BurnBarPlannerService.swift in Sources */ = {isa = PBXBuildFile; fileRef = C0FFEE01DEAD0001BEEF0001 /* BurnBarPlannerService.swift */; };
		C0FFEE01DEAD0005BEEF0002 /* BurnBarPolicyEngine.swift in Sources */ = {isa = PBXBuildFile; fileRef = C0FFEE01DEAD0005BEEF0001 /* BurnBarPolicyEngine.swift */; };
		C0FFEE01DEAD0004BEEF0002 /* BurnBarRecoveryEngine.swift in Sources */ = {isa = PBXBuildFile; fileRef = C0FFEE01DEAD0004BEEF0001 /* BurnBarRecoveryEngine.swift */; };
		C0FFEE01DEAD0006BEEF0002 /* BurnBarRunJournal.swift in Sources */ = {isa = PBXBuildFile; fileRef = C0FFEE01DEAD0006BEEF0001 /* BurnBarRunJournal.swift */; };
		F7E6D5C4B3A291807061554C0 /* AnthropicUsageAPI.swift in Sources */ = {isa = PBXBuildFile; fileRef = F7E6D5C4B3A291807061554A0 /* AnthropicUsageAPI.swift */; };
		F7E6D5C4B3A291807061554C1 /* GitHubCopilotUsageAPI.swift in Sources */ = {isa = PBXBuildFile; fileRef = F7E6D5C4B3A291807061554A1 /* GitHubCopilotUsageAPI.swift */; };
		F7E6D5C4B3A291807061554C2 /* OpenAIUsageAPI.swift in Sources */ = {isa = PBXBuildFile; fileRef = F7E6D5C4B3A291807061554A2 /* OpenAIUsageAPI.swift */; };
		F7E6D5C4B3A291807061554C3 /* OpenRouterUsageAPI.swift in Sources */ = {isa = PBXBuildFile; fileRef = F7E6D5C4B3A291807061554A3 /* OpenRouterUsageAPI.swift */; };
		F7E6D5C4B3A291807061554C4 /* ProviderUsageAPIService.swift in Sources */ = {isa = PBXBuildFile; fileRef = F7E6D5C4B3A291807061554A4 /* ProviderUsageAPIService.swift */; };
		F7E6D5C4B3A291807061554C5 /* ZaiMiniMaxUsageProbe.swift in Sources */ = {isa = PBXBuildFile; fileRef = F7E6D5C4B3A291807061554A5 /* ZaiMiniMaxUsageProbe.swift */; };
		F7E6D5C4B3A291807061554C6 /* GeminiCLIParser.swift in Sources */ = {isa = PBXBuildFile; fileRef = F7E6D5C4B3A291807061554A6 /* GeminiCLIParser.swift */; };
		F7E6D5C4B3A291807061554C7 /* GooseParser.swift in Sources */ = {isa = PBXBuildFile; fileRef = F7E6D5C4B3A291807061554A7 /* GooseParser.swift */; };
/* End PBXBuildFile section */

/* Begin PBXContainerItemProxy section */
		02A1DA3265901C926B963DA6 /* PBXContainerItemProxy */ = {
			isa = PBXContainerItemProxy;
			containerPortal = 432E2B9BBC9CBAC438D98577 /* Project object */;
			proxyType = 1;
			remoteGlobalIDString = 8A4B11EB8718CC65B3641862;
			remoteInfo = BurnBarDaemon;
		};
		02FDE6030F46527229560220 /* PBXContainerItemProxy */ = {
			isa = PBXContainerItemProxy;
			containerPortal = 432E2B9BBC9CBAC438D98577 /* Project object */;
			proxyType = 1;
			remoteGlobalIDString = CCAAB67E29FF9D25D2076CA1;
			remoteInfo = BurnBarDaemonExecutable;
		};
		1699D0CF42A3E01D3228F74E /* PBXContainerItemProxy */ = {
			isa = PBXContainerItemProxy;
			containerPortal = 432E2B9BBC9CBAC438D98577 /* Project object */;
			proxyType = 1;
			remoteGlobalIDString = CCAAB67E29FF9D25D2076CA1;
			remoteInfo = BurnBarDaemonExecutable;
		};
		34B528176E18551396AE49CA /* PBXContainerItemProxy */ = {
			isa = PBXContainerItemProxy;
			containerPortal = 432E2B9BBC9CBAC438D98577 /* Project object */;
			proxyType = 1;
			remoteGlobalIDString = 8A4B11EB8718CC65B3641862;
			remoteInfo = BurnBarDaemon;
		};
		696A4DAD5283D2078465BB19 /* PBXContainerItemProxy */ = {
			isa = PBXContainerItemProxy;
			containerPortal = 432E2B9BBC9CBAC438D98577 /* Project object */;
			proxyType = 1;
			remoteGlobalIDString = F0EC55BBD5021BDEA98C593E;
			remoteInfo = BurnBar;
		};
/* End PBXContainerItemProxy section */

/* Begin PBXFileReference section */
		00797E78E3EB2460BC73F717 /* BurnBarProviderRouterTests.swift */ = {isa = PBXFileReference; lastKnownFileType = sourcecode.swift; path = BurnBarProviderRouterTests.swift; sourceTree = "<group>"; };
		021276DEE6679BDBF0E71042 /* KimiParser.swift */ = {isa = PBXFileReference; lastKnownFileType = sourcecode.swift; path = KimiParser.swift; sourceTree = "<group>"; };
		0224B1ACC9473291EF8A1BA3 /* BurnBarProviderExecutor.swift */ = {isa = PBXFileReference; lastKnownFileType = sourcecode.swift; path = BurnBarProviderExecutor.swift; sourceTree = "<group>"; };
		0263618C9749E500C938C0B1 /* NarrativeCardView.swift */ = {isa = PBXFileReference; lastKnownFileType = sourcecode.swift; path = NarrativeCardView.swift; sourceTree = "<group>"; };
		02FF039EF6AB618DE7C93651 /* BurnBarCore */ = {isa = PBXFileReference; lastKnownFileType = folder; path = BurnBarCore; sourceTree = SOURCE_ROOT; };
		09680869E5BE9F09B6BA54AA /* ColorAdaptive.swift */ = {isa = PBXFileReference; lastKnownFileType = sourcecode.swift; path = ColorAdaptive.swift; sourceTree = "<group>"; };
		0BB35FF524E892107F0C39E2 /* BurnBar-Info.plist */ = {isa = PBXFileReference; lastKnownFileType = text.plist; path = "BurnBar-Info.plist"; sourceTree = "<group>"; };
		0BB63B965BA4D6A7398DEE39 /* AgentLensApp.swift */ = {isa = PBXFileReference; lastKnownFileType = sourcecode.swift; path = AgentLensApp.swift; sourceTree = "<group>"; };
		0C0C003B0BC42F2B9629E344 /* ContextBuilder.swift */ = {isa = PBXFileReference; lastKnownFileType = sourcecode.swift; path = ContextBuilder.swift; sourceTree = "<group>"; };
		0C27E98F51683D9AACE8A82F /* UsageAggregator.swift */ = {isa = PBXFileReference; lastKnownFileType = sourcecode.swift; path = UsageAggregator.swift; sourceTree = "<group>"; };
		0E1396996BD4F1A33C8202CE /* ThemeManager.swift */ = {isa = PBXFileReference; lastKnownFileType = sourcecode.swift; path = ThemeManager.swift; sourceTree = "<group>"; };
		101905159A0133B28DE3CE39 /* DataStore.swift */ = {isa = PBXFileReference; lastKnownFileType = sourcecode.swift; path = DataStore.swift; sourceTree = "<group>"; };
		180D764BB278219C8C08C531 /* AgentLensTests.swift */ = {isa = PBXFileReference; lastKnownFileType = sourcecode.swift; path = AgentLensTests.swift; sourceTree = "<group>"; };
		1CBD27204008085BDEAC3BF0 /* ProviderLogoView.swift */ = {isa = PBXFileReference; lastKnownFileType = sourcecode.swift; path = ProviderLogoView.swift; sourceTree = "<group>"; };
		F7E6D5C4B3A291807061554F2 /* ProviderQuotaViews.swift */ = {isa = PBXFileReference; lastKnownFileType = sourcecode.swift; path = ProviderQuotaViews.swift; sourceTree = "<group>"; };
		2AF3B136474EC87BAFF9A3B1 /* DashboardView.swift */ = {isa = PBXFileReference; lastKnownFileType = sourcecode.swift; path = DashboardView.swift; sourceTree = "<group>"; };
		2CD47FEE60B1D5715C8E94F1 /* BurnBarProviderRouter.swift */ = {isa = PBXFileReference; lastKnownFileType = sourcecode.swift; path = BurnBarProviderRouter.swift; sourceTree = "<group>"; };
		2D3647B2340086A90F0DEF7D /* ProviderDashboardView.swift */ = {isa = PBXFileReference; lastKnownFileType = sourcecode.swift; path = ProviderDashboardView.swift; sourceTree = "<group>"; };
		F7E6D5C4B3A291807061554F0 /* ProviderQuotaService.swift */ = {isa = PBXFileReference; lastKnownFileType = sourcecode.swift; path = ProviderQuota/ProviderQuotaService.swift; sourceTree = "<group>"; };
		2DB93DCF073DBA419A279F7B /* ChatPanel.swift */ = {isa = PBXFileReference; lastKnownFileType = sourcecode.swift; path = ChatPanel.swift; sourceTree = "<group>"; };
		33CC7CCE2E9BF08471CE475C /* SettingsManager.swift */ = {isa = PBXFileReference; lastKnownFileType = sourcecode.swift; path = SettingsManager.swift; sourceTree = "<group>"; };
		34DC63AE4066BA4C15C2AD9B /* CursorConnectorManager.swift */ = {isa = PBXFileReference; lastKnownFileType = sourcecode.swift; path = CursorConnectorManager.swift; sourceTree = "<group>"; };
		362C0D92E7C496843E0AF8C6 /* BurnBarConfigStoreTests.swift */ = {isa = PBXFileReference; lastKnownFileType = sourcecode.swift; path = BurnBarConfigStoreTests.swift; sourceTree = "<group>"; };
		36350E32BFC87CC729892DE2 /* GoogleService-Info.plist */ = {isa = PBXFileReference; lastKnownFileType = text.plist; path = "GoogleService-Info.plist"; sourceTree = "<group>"; };
		3A6FC3BE7A6E6EA1AFE3E41E /* ChatFAB.swift */ = {isa = PBXFileReference; lastKnownFileType = sourcecode.swift; path = ChatFAB.swift; sourceTree = "<group>"; };
		3C00538BB191C7829B9351C9 /* ClaudeCodeParser.swift */ = {isa = PBXFileReference; lastKnownFileType = sourcecode.swift; path = ClaudeCodeParser.swift; sourceTree = "<group>"; };
		4306FF827059DBC8C8D44D77 /* BurnBar.entitlements */ = {isa = PBXFileReference; lastKnownFileType = text.plist.entitlements; path = BurnBar.entitlements; sourceTree = "<group>"; };
		4991EDE1CCF21B7D26E86CF8 /* BurnBarWorkspaceBridgeBroker.swift */ = {isa = PBXFileReference; lastKnownFileType = sourcecode.swift; path = BurnBarWorkspaceBridgeBroker.swift; sourceTree = "<group>"; };
		4A6CBCC17F090BB09BDB45E2 /* AppLogoView.swift */ = {isa = PBXFileReference; lastKnownFileType = sourcecode.swift; path = AppLogoView.swift; sourceTree = "<group>"; };
		F7E6D5C4B3A291807061554F4 /* ProviderQuotaServiceTests.swift */ = {isa = PBXFileReference; lastKnownFileType = sourcecode.swift; path = ProviderQuotaServiceTests.swift; sourceTree = "<group>"; };
		B1C2D3E4F5060711 /* DashboardActionGlyphs.swift */ = {isa = PBXFileReference; lastKnownFileType = sourcecode.swift; path = DashboardActionGlyphs.swift; sourceTree = "<group>"; };
		4F22BFE4FEA6AE9B6DF55F0E /* BurnBarDaemonServer.swift */ = {isa = PBXFileReference; lastKnownFileType = sourcecode.swift; path = BurnBarDaemonServer.swift; sourceTree = "<group>"; };
		516803FEE424627EFA549B4B /* GoogleService-Info.plist.example */ = {isa = PBXFileReference; lastKnownFileType = text.xml; path = "GoogleService-Info.plist.example"; sourceTree = "<group>"; };
		5520282B54D5B55516E83A6A /* BurnBarConfigStore.swift */ = {isa = PBXFileReference; lastKnownFileType = sourcecode.swift; path = BurnBarConfigStore.swift; sourceTree = "<group>"; };
		57C75EE1CC1C5085466E59BE /* DesignSystem.swift */ = {isa = PBXFileReference; lastKnownFileType = sourcecode.swift; path = DesignSystem.swift; sourceTree = "<group>"; };
		F7E6D5C4B3A291807061554D7 /* LLMModelBrand.swift */ = {isa = PBXFileReference; lastKnownFileType = sourcecode.swift; path = LLMModelBrand.swift; sourceTree = "<group>"; };
		65A09A8DD647C8765C28A970 /* ConversationParsingTests.swift */ = {isa = PBXFileReference; lastKnownFileType = sourcecode.swift; path = ConversationParsingTests.swift; sourceTree = "<group>"; };
		682017FCA38A7AB4A7C80608 /* BurnBarTests.xctest */ = {isa = PBXFileReference; explicitFileType = wrapper.cfbundle; includeInIndex = 0; path = BurnBarTests.xctest; sourceTree = BUILT_PRODUCTS_DIR; };
		6CD006CD9B9241D1364DE204 /* CloudSyncService.swift */ = {isa = PBXFileReference; lastKnownFileType = sourcecode.swift; path = CloudSyncService.swift; sourceTree = "<group>"; };
		AA11BB22CC33DD44EE556600 /* ICloudSessionMirrorService.swift */ = {isa = PBXFileReference; lastKnownFileType = sourcecode.swift; path = ICloudSessionMirrorService.swift; sourceTree = "<group>"; };
		CC11DD22EE33445566778800 /* SessionLogMarkdownFormatter.swift */ = {isa = PBXFileReference; lastKnownFileType = sourcecode.swift; path = SessionLogMarkdownFormatter.swift; sourceTree = "<group>"; };
		EE11AA22BB33CC44DD55EE00 /* SessionLogsView.swift */ = {isa = PBXFileReference; lastKnownFileType = sourcecode.swift; path = SessionLogsView.swift; sourceTree = "<group>"; };
		7356C2B877EAD026DC34C39C /* CursorConnectorModels.swift */ = {isa = PBXFileReference; lastKnownFileType = sourcecode.swift; path = CursorConnectorModels.swift; sourceTree = "<group>"; };
		744780AD18D485DDFFF46DA4 /* BurnBarDaemonExecutable */ = {isa = PBXFileReference; includeInIndex = 0; lastKnownFileType = text; name = BurnBarDaemonExecutable; path = BurnBarDaemon; sourceTree = BUILT_PRODUCTS_DIR; };
		787CA705F565BE6C5765A7F7 /* InsightCardView.swift */ = {isa = PBXFileReference; lastKnownFileType = sourcecode.swift; path = InsightCardView.swift; sourceTree = "<group>"; };
		796FA1BE8E5B299F6ACC23EB /* AppDelegate.swift */ = {isa = PBXFileReference; lastKnownFileType = sourcecode.swift; path = AppDelegate.swift; sourceTree = "<group>"; };
		7A75541FE7442B29F4894BCC /* BurnBarIdentity.swift */ = {isa = PBXFileReference; lastKnownFileType = sourcecode.swift; path = BurnBarIdentity.swift; sourceTree = "<group>"; };
		846CF10DE54AA8C66CDD7699 /* InsightBriefCard.swift */ = {isa = PBXFileReference; lastKnownFileType = sourcecode.swift; path = InsightBriefCard.swift; sourceTree = "<group>"; };
		84E08215997E4EC968826D45 /* SearchService.swift */ = {isa = PBXFileReference; lastKnownFileType = sourcecode.swift; path = SearchService.swift; sourceTree = "<group>"; };
		8C7570151F5AA138EA100752 /* InsightEngine.swift */ = {isa = PBXFileReference; lastKnownFileType = sourcecode.swift; path = InsightEngine.swift; sourceTree = "<group>"; };
		8DCE6654BB36FDEC775973BE /* ClaudeConversationExtractor.swift */ = {isa = PBXFileReference; lastKnownFileType = sourcecode.swift; path = ClaudeConversationExtractor.swift; sourceTree = "<group>"; };
		919C163E3845CED5CB2A8D6A /* AccountManager.swift */ = {isa = PBXFileReference; lastKnownFileType = sourcecode.swift; path = AccountManager.swift; sourceTree = "<group>"; };
		92599A99F821919AC0FC4801 /* BurnBarUsageRecorderTests.swift */ = {isa = PBXFileReference; lastKnownFileType = sourcecode.swift; path = BurnBarUsageRecorderTests.swift; sourceTree = "<group>"; };
		93861E410EAF0BE0E52F57BC /* AgentProvider.swift */ = {isa = PBXFileReference; lastKnownFileType = sourcecode.swift; path = AgentProvider.swift; sourceTree = "<group>"; };
		95ABBBF9B8FF86B6A0C98A69 /* CLIAssistantConsentSheet.swift */ = {isa = PBXFileReference; lastKnownFileType = sourcecode.swift; path = CLIAssistantConsentSheet.swift; sourceTree = "<group>"; };
		979643508E77719C5C1D947C /* Formatting.swift */ = {isa = PBXFileReference; lastKnownFileType = sourcecode.swift; path = Formatting.swift; sourceTree = "<group>"; };
		99E38E58D2F026F93D17F205 /* BurnBarDaemonServerTests.swift */ = {isa = PBXFileReference; lastKnownFileType = sourcecode.swift; path = BurnBarDaemonServerTests.swift; sourceTree = "<group>"; };
		A092BBAFB87D0879CA16B36D /* LogParserProtocol.swift */ = {isa = PBXFileReference; lastKnownFileType = sourcecode.swift; path = LogParserProtocol.swift; sourceTree = "<group>"; };
		A4AA68F1319A1D37F2B0F20C /* BurnBar.app */ = {isa = PBXFileReference; explicitFileType = wrapper.application; includeInIndex = 0; path = BurnBar.app; sourceTree = BUILT_PRODUCTS_DIR; };
		A99AFB17D951FAEEA4824E20 /* BurnBarDaemonConfiguration.swift */ = {isa = PBXFileReference; lastKnownFileType = sourcecode.swift; path = BurnBarDaemonConfiguration.swift; sourceTree = "<group>"; };
		AC89C463323EF989AEA92AE4 /* BurnBarDaemonManager.swift */ = {isa = PBXFileReference; lastKnownFileType = sourcecode.swift; path = BurnBarDaemonManager.swift; sourceTree = "<group>"; };
		B10B81A290BB2FA13F52EF43 /* BurnBarDaemonMain.swift */ = {isa = PBXFileReference; lastKnownFileType = sourcecode.swift; path = BurnBarDaemonMain.swift; sourceTree = "<group>"; };
		B13A8FC66EDEA2DD7E67043B /* BurnBarRunService.swift */ = {isa = PBXFileReference; lastKnownFileType = sourcecode.swift; path = BurnBarRunService.swift; sourceTree = "<group>"; };
		C0FFEE01DEAD0003BEEF0001 /* BurnBarAgentLoopService.swift */ = {isa = PBXFileReference; lastKnownFileType = sourcecode.swift; path = BurnBarAgentLoopService.swift; sourceTree = "<group>"; };
		C0FFEE01DEAD0002BEEF0001 /* BurnBarContextSelector.swift */ = {isa = PBXFileReference; lastKnownFileType = sourcecode.swift; path = BurnBarContextSelector.swift; sourceTree = "<group>"; };
		C0FFEE01DEAD0001BEEF0001 /* BurnBarPlannerService.swift */ = {isa = PBXFileReference; lastKnownFileType = sourcecode.swift; path = BurnBarPlannerService.swift; sourceTree = "<group>"; };
		C0FFEE01DEAD0005BEEF0001 /* BurnBarPolicyEngine.swift */ = {isa = PBXFileReference; lastKnownFileType = sourcecode.swift; path = BurnBarPolicyEngine.swift; sourceTree = "<group>"; };
		C0FFEE01DEAD0004BEEF0001 /* BurnBarRecoveryEngine.swift */ = {isa = PBXFileReference; lastKnownFileType = sourcecode.swift; path = BurnBarRecoveryEngine.swift; sourceTree = "<group>"; };
		C0FFEE01DEAD0006BEEF0001 /* BurnBarRunJournal.swift */ = {isa = PBXFileReference; lastKnownFileType = sourcecode.swift; path = BurnBarRunJournal.swift; sourceTree = "<group>"; };
		B142C292956B5143453C2D3B /* BurnBarClientRegistry.swift */ = {isa = PBXFileReference; lastKnownFileType = sourcecode.swift; path = BurnBarClientRegistry.swift; sourceTree = "<group>"; };
		B31C24B995A2CBBB18265152 /* FactoryDroidParser.swift */ = {isa = PBXFileReference; lastKnownFileType = sourcecode.swift; path = FactoryDroidParser.swift; sourceTree = "<group>"; };
		B4DF7BE299DBC731B8FECEBB /* ModelPricing.swift */ = {isa = PBXFileReference; lastKnownFileType = sourcecode.swift; path = ModelPricing.swift; sourceTree = "<group>"; };
		BD8EEF117D24EF855E0ADBF6 /* OnboardingView.swift */ = {isa = PBXFileReference; lastKnownFileType = sourcecode.swift; path = OnboardingView.swift; sourceTree = "<group>"; };
		D11E1C39E4D9A409079BF406 /* BurnBarUsageRecorder.swift */ = {isa = PBXFileReference; lastKnownFileType = sourcecode.swift; path = BurnBarUsageRecorder.swift; sourceTree = "<group>"; };
		D7EB9931E680E925C69C44C5 /* 66e1b25cc9185ef537421b18_Factory.ai.webp */ = {isa = PBXFileReference; lastKnownFileType = file; path = 66e1b25cc9185ef537421b18_Factory.ai.webp; sourceTree = "<group>"; };
		D907E693E39D95550BE34A51 /* BurnBarDaemonLogger.swift */ = {isa = PBXFileReference; lastKnownFileType = sourcecode.swift; path = BurnBarDaemonLogger.swift; sourceTree = "<group>"; };
		DB25ED0122B25402A8274537 /* Assets.xcassets */ = {isa = PBXFileReference; lastKnownFileType = folder.assetcatalog; path = Assets.xcassets; sourceTree = "<group>"; };
		DB62777DDFCCE7756CE2583E /* MenuBarPopoverView.swift */ = {isa = PBXFileReference; lastKnownFileType = sourcecode.swift; path = MenuBarPopoverView.swift; sourceTree = "<group>"; };
		DBA805C308D29564142BA7F9 /* ProviderTheme.swift */ = {isa = PBXFileReference; lastKnownFileType = sourcecode.swift; path = ProviderTheme.swift; sourceTree = "<group>"; };
		DD03FDBE76B81491FE3AD390 /* CursorConnectorTests.swift */ = {isa = PBXFileReference; lastKnownFileType = sourcecode.swift; path = CursorConnectorTests.swift; sourceTree = "<group>"; };
		DD8DDB67F7353521940AE65A /* ChatMessageView.swift */ = {isa = PBXFileReference; lastKnownFileType = sourcecode.swift; path = ChatMessageView.swift; sourceTree = "<group>"; };
		DF00DDB2DC457FA8BCF2FD41 /* BurnBarDaemonManagerTests.swift */ = {isa = PBXFileReference; lastKnownFileType = sourcecode.swift; path = BurnBarDaemonManagerTests.swift; sourceTree = "<group>"; };
		E43E6640557CB14B9782F17F /* BurnBarProviderCatalogSupport.swift */ = {isa = PBXFileReference; lastKnownFileType = sourcecode.swift; path = BurnBarProviderCatalogSupport.swift; sourceTree = "<group>"; };
		E585C2B7DE464924EC3F5751 /* KeychainStore.swift */ = {isa = PBXFileReference; lastKnownFileType = sourcecode.swift; path = KeychainStore.swift; sourceTree = "<group>"; };
		E62DF2D96D023A5FF92F39C1 /* ConversationRecord.swift */ = {isa = PBXFileReference; lastKnownFileType = sourcecode.swift; path = ConversationRecord.swift; sourceTree = "<group>"; };
		E868B210AF80295AB84F5900 /* ChatSessionController.swift */ = {isa = PBXFileReference; lastKnownFileType = sourcecode.swift; path = ChatSessionController.swift; sourceTree = "<group>"; };
		EA8F159F87C03C164ABE2FD2 /* BurnBarRunServiceTests.swift */ = {isa = PBXFileReference; lastKnownFileType = sourcecode.swift; path = BurnBarRunServiceTests.swift; sourceTree = "<group>"; };
		EAC7BF69A4E9C2151614E0DB /* DailyDigestManager.swift */ = {isa = PBXFileReference; lastKnownFileType = sourcecode.swift; path = DailyDigestManager.swift; sourceTree = "<group>"; };
		EAD45369DB6FF2FB2D144762 /* SessionDetailView.swift */ = {isa = PBXFileReference; lastKnownFileType = sourcecode.swift; path = SessionDetailView.swift; sourceTree = "<group>"; };
		ECF5BA92CF853D4B7CDE5D9D /* BurnBarDaemonTests.xctest */ = {isa = PBXFileReference; explicitFileType = wrapper.cfbundle; includeInIndex = 0; path = BurnBarDaemonTests.xctest; sourceTree = BUILT_PRODUCTS_DIR; };
		F18060AB007AAC6A073EE77F /* libBurnBarDaemon.a */ = {isa = PBXFileReference; explicitFileType = archive.ar; includeInIndex = 0; path = libBurnBarDaemon.a; sourceTree = BUILT_PRODUCTS_DIR; };
		F4FDA5107B5C32DF13BF1B1C /* ProjectsView.swift */ = {isa = PBXFileReference; lastKnownFileType = sourcecode.swift; path = ProjectsView.swift; sourceTree = "<group>"; };
		F729FDFE6D34B6F03B5DDCA9 /* CLIBridge.swift */ = {isa = PBXFileReference; lastKnownFileType = sourcecode.swift; path = CLIBridge.swift; sourceTree = "<group>"; };
		F78AAB24FFCF6E834BEF9F57 /* ConversationIndexer.swift */ = {isa = PBXFileReference; lastKnownFileType = sourcecode.swift; path = ConversationIndexer.swift; sourceTree = "<group>"; };
		FA53CDBBD782834EC9FA51B8 /* MiniSparkline.swift */ = {isa = PBXFileReference; lastKnownFileType = sourcecode.swift; path = MiniSparkline.swift; sourceTree = "<group>"; };
		F7E6D5C4B3A291807061554D9 /* ModelProviderLogoView.swift */ = {isa = PBXFileReference; lastKnownFileType = sourcecode.swift; path = ModelProviderLogoView.swift; sourceTree = "<group>"; };
		F7E6D5C4B3A291807061554E0 /* SessionLedgerSection.swift */ = {isa = PBXFileReference; lastKnownFileType = sourcecode.swift; path = SessionLedgerSection.swift; sourceTree = "<group>"; };
		FB2B6C595EE40639297CBC2A /* BurnBarMigrationTests.swift */ = {isa = PBXFileReference; lastKnownFileType = sourcecode.swift; path = BurnBarMigrationTests.swift; sourceTree = "<group>"; };
		FD6F26FB866B92E10DC33128 /* SettingsView.swift */ = {isa = PBXFileReference; lastKnownFileType = sourcecode.swift; path = SettingsView.swift; sourceTree = "<group>"; };
		F55E2D3423A38320 /* TokenExtractionUtility.swift */ = {isa = PBXFileReference; lastKnownFileType = sourcecode.swift; path = TokenExtractionUtility.swift; sourceTree = "<group>"; };
		7E4A10B7710EB0F2 /* ClineFormatParser.swift */ = {isa = PBXFileReference; lastKnownFileType = sourcecode.swift; path = ClineFormatParser.swift; sourceTree = "<group>"; };
		48EC6B685D165B26 /* ForgeDevParser.swift */ = {isa = PBXFileReference; lastKnownFileType = sourcecode.swift; path = ForgeDevParser.swift; sourceTree = "<group>"; };
		D6F0E5558518D32A /* AugmentParser.swift */ = {isa = PBXFileReference; lastKnownFileType = sourcecode.swift; path = AugmentParser.swift; sourceTree = "<group>"; };
		D43E367CD152C32C /* HermesParser.swift */ = {isa = PBXFileReference; lastKnownFileType = sourcecode.swift; path = HermesParser.swift; sourceTree = "<group>"; };
		A1B2C3D4E5F60708 /* ModelDashboardView.swift */ = {isa = PBXFileReference; lastKnownFileType = sourcecode.swift; path = ModelDashboardView.swift; sourceTree = "<group>"; };
		F7E6D5C4B3A291807061554A0 /* AnthropicUsageAPI.swift */ = {isa = PBXFileReference; lastKnownFileType = sourcecode.swift; path = AnthropicUsageAPI.swift; sourceTree = "<group>"; };
		F7E6D5C4B3A291807061554A1 /* GitHubCopilotUsageAPI.swift */ = {isa = PBXFileReference; lastKnownFileType = sourcecode.swift; path = GitHubCopilotUsageAPI.swift; sourceTree = "<group>"; };
		F7E6D5C4B3A291807061554A2 /* OpenAIUsageAPI.swift */ = {isa = PBXFileReference; lastKnownFileType = sourcecode.swift; path = OpenAIUsageAPI.swift; sourceTree = "<group>"; };
		F7E6D5C4B3A291807061554A3 /* OpenRouterUsageAPI.swift */ = {isa = PBXFileReference; lastKnownFileType = sourcecode.swift; path = OpenRouterUsageAPI.swift; sourceTree = "<group>"; };
		F7E6D5C4B3A291807061554A4 /* ProviderUsageAPIService.swift */ = {isa = PBXFileReference; lastKnownFileType = sourcecode.swift; path = ProviderUsageAPIService.swift; sourceTree = "<group>"; };
		F7E6D5C4B3A291807061554A5 /* ZaiMiniMaxUsageProbe.swift */ = {isa = PBXFileReference; lastKnownFileType = sourcecode.swift; path = ZaiMiniMaxUsageProbe.swift; sourceTree = "<group>"; };
		F7E6D5C4B3A291807061554A6 /* GeminiCLIParser.swift */ = {isa = PBXFileReference; lastKnownFileType = sourcecode.swift; path = GeminiCLIParser.swift; sourceTree = "<group>"; };
		F7E6D5C4B3A291807061554A7 /* GooseParser.swift */ = {isa = PBXFileReference; lastKnownFileType = sourcecode.swift; path = GooseParser.swift; sourceTree = "<group>"; };
/* End PBXFileReference section */

/* Begin PBXFrameworksBuildPhase section */
		B7B802C5771BC9FA9ABC9046 /* Frameworks */ = {
			isa = PBXFrameworksBuildPhase;
			buildActionMask = 2147483647;
			files = (
				FFBFE6597948663C685FE51C /* BurnBarCore in Frameworks */,
				D0F0586121A4838BB6D1BBB0 /* GRDB in Frameworks */,
				8D8FB67B13FDEA50063C1207 /* FirebaseAuth in Frameworks */,
				4B7A04331CE08B83EF78E9E8 /* FirebaseFirestore in Frameworks */,
				C816F174DDC961A6C2F3A963 /* GoogleSignIn in Frameworks */,
			);
			runOnlyForDeploymentPostprocessing = 0;
		};
		F148E2C3F83AA179DEBB2616 /* Frameworks */ = {
			isa = PBXFrameworksBuildPhase;
			buildActionMask = 2147483647;
			files = (
				023221EFD1C35F98213C2672 /* libBurnBarDaemon.a in Frameworks */,
				DB41ABA17ADE496572FC7246 /* BurnBarCore in Frameworks */,
			);
			runOnlyForDeploymentPostprocessing = 0;
		};
		F8CE4EDFD7B55AD694385465 /* Frameworks */ = {
			isa = PBXFrameworksBuildPhase;
			buildActionMask = 2147483647;
			files = (
				99C8CB701F5F799C65404F13 /* libBurnBarDaemon.a in Frameworks */,
				6739A74B4744612379228EB0 /* BurnBarCore in Frameworks */,
			);
			runOnlyForDeploymentPostprocessing = 0;
		};
/* End PBXFrameworksBuildPhase section */

/* Begin PBXGroup section */
		015F65D6FBAFB821D94103A3 /* BurnBarDaemon */ = {
			isa = PBXGroup;
			children = (
				AC89C463323EF989AEA92AE4 /* BurnBarDaemonManager.swift */,
			);
			path = BurnBarDaemon;
			sourceTree = "<group>";
		};
		01B2C5FAA6EFB3C7E2AB162F /* Models */ = {
			isa = PBXGroup;
			children = (
				93861E410EAF0BE0E52F57BC /* AgentProvider.swift */,
				E62DF2D96D023A5FF92F39C1 /* ConversationRecord.swift */,
			);
			path = Models;
			sourceTree = "<group>";
		};
		07577554CAB39B3F32A73320 /* LogParser */ = {
			isa = PBXGroup;
			children = (
				3C00538BB191C7829B9351C9 /* ClaudeCodeParser.swift */,
				8DCE6654BB36FDEC775973BE /* ClaudeConversationExtractor.swift */,
				B31C24B995A2CBBB18265152 /* FactoryDroidParser.swift */,
				021276DEE6679BDBF0E71042 /* KimiParser.swift */,
				D43E367CD152C32C /* HermesParser.swift */,
				D6F0E5558518D32A /* AugmentParser.swift */,
				48EC6B685D165B26 /* ForgeDevParser.swift */,
				7E4A10B7710EB0F2 /* ClineFormatParser.swift */,
				F7E6D5C4B3A291807061554A6 /* GeminiCLIParser.swift */,
				F7E6D5C4B3A291807061554A7 /* GooseParser.swift */,
				F55E2D3423A38320 /* TokenExtractionUtility.swift */,
				A092BBAFB87D0879CA16B36D /* LogParserProtocol.swift */,
			);
			path = LogParser;
			sourceTree = "<group>";
		};
		F7E6D5C4B3A291807061554B0 /* ProviderUsageAPI */ = {
			isa = PBXGroup;
			children = (
				F7E6D5C4B3A291807061554A0 /* AnthropicUsageAPI.swift */,
				F7E6D5C4B3A291807061554A1 /* GitHubCopilotUsageAPI.swift */,
				F7E6D5C4B3A291807061554A2 /* OpenAIUsageAPI.swift */,
				F7E6D5C4B3A291807061554A3 /* OpenRouterUsageAPI.swift */,
				F7E6D5C4B3A291807061554A4 /* ProviderUsageAPIService.swift */,
				F7E6D5C4B3A291807061554A5 /* ZaiMiniMaxUsageProbe.swift */,
			);
			path = ProviderUsageAPI;
			sourceTree = "<group>";
		};
		0FDBA491ED04C7492229C5BD /* BurnBarDaemonTests */ = {
			isa = PBXGroup;
			children = (
				362C0D92E7C496843E0AF8C6 /* BurnBarConfigStoreTests.swift */,
				99E38E58D2F026F93D17F205 /* BurnBarDaemonServerTests.swift */,
				00797E78E3EB2460BC73F717 /* BurnBarProviderRouterTests.swift */,
				EA8F159F87C03C164ABE2FD2 /* BurnBarRunServiceTests.swift */,
				92599A99F821919AC0FC4801 /* BurnBarUsageRecorderTests.swift */,
			);
			name = BurnBarDaemonTests;
			path = BurnBarDaemon/Tests/BurnBarDaemonTests;
			sourceTree = "<group>";
		};
		15A5C7F19A6DF6F1DACA9F83 /* Components */ = {
			isa = PBXGroup;
			children = (
				4A6CBCC17F090BB09BDB45E2 /* AppLogoView.swift */,
				B1C2D3E4F5060711 /* DashboardActionGlyphs.swift */,
				FA53CDBBD782834EC9FA51B8 /* MiniSparkline.swift */,
				F7E6D5C4B3A291807061554D9 /* ModelProviderLogoView.swift */,
				1CBD27204008085BDEAC3BF0 /* ProviderLogoView.swift */,
				F7E6D5C4B3A291807061554F2 /* ProviderQuotaViews.swift */,
				F7E6D5C4B3A291807061554E0 /* SessionLedgerSection.swift */,
			);
			path = Components;
			sourceTree = "<group>";
		};
		2347F2B1479ECDF1AF62A993 /* BurnBarDaemon */ = {
			isa = PBXGroup;
			children = (
				C0FFEE01DEAD0003BEEF0001 /* BurnBarAgentLoopService.swift */,
				B142C292956B5143453C2D3B /* BurnBarClientRegistry.swift */,
				5520282B54D5B55516E83A6A /* BurnBarConfigStore.swift */,
				C0FFEE01DEAD0002BEEF0001 /* BurnBarContextSelector.swift */,
				A99AFB17D951FAEEA4824E20 /* BurnBarDaemonConfiguration.swift */,
				D907E693E39D95550BE34A51 /* BurnBarDaemonLogger.swift */,
				4F22BFE4FEA6AE9B6DF55F0E /* BurnBarDaemonServer.swift */,
				C0FFEE01DEAD0001BEEF0001 /* BurnBarPlannerService.swift */,
				C0FFEE01DEAD0005BEEF0001 /* BurnBarPolicyEngine.swift */,
				E43E6640557CB14B9782F17F /* BurnBarProviderCatalogSupport.swift */,
				0224B1ACC9473291EF8A1BA3 /* BurnBarProviderExecutor.swift */,
				2CD47FEE60B1D5715C8E94F1 /* BurnBarProviderRouter.swift */,
				C0FFEE01DEAD0004BEEF0001 /* BurnBarRecoveryEngine.swift */,
				C0FFEE01DEAD0006BEEF0001 /* BurnBarRunJournal.swift */,
				B13A8FC66EDEA2DD7E67043B /* BurnBarRunService.swift */,
				D11E1C39E4D9A409079BF406 /* BurnBarUsageRecorder.swift */,
				4991EDE1CCF21B7D26E86CF8 /* BurnBarWorkspaceBridgeBroker.swift */,
			);
			name = BurnBarDaemon;
			path = BurnBarDaemon/Sources/BurnBarDaemon;
			sourceTree = "<group>";
		};
		247881B7E08D44024008B3E5 /* Chat */ = {
			isa = PBXGroup;
			children = (
				3A6FC3BE7A6E6EA1AFE3E41E /* ChatFAB.swift */,
				DD8DDB67F7353521940AE65A /* ChatMessageView.swift */,
				2DB93DCF073DBA419A279F7B /* ChatPanel.swift */,
				E868B210AF80295AB84F5900 /* ChatSessionController.swift */,
				95ABBBF9B8FF86B6A0C98A69 /* CLIAssistantConsentSheet.swift */,
				846CF10DE54AA8C66CDD7699 /* InsightBriefCard.swift */,
			);
			path = Chat;
			sourceTree = "<group>";
		};
		58D1F7A80C1BBA7C53C38459 /* Resources */ = {
			isa = PBXGroup;
			children = (
				D7EB9931E680E925C69C44C5 /* 66e1b25cc9185ef537421b18_Factory.ai.webp */,
				DB25ED0122B25402A8274537 /* Assets.xcassets */,
				0BB35FF524E892107F0C39E2 /* BurnBar-Info.plist */,
				4306FF827059DBC8C8D44D77 /* BurnBar.entitlements */,
				36350E32BFC87CC729892DE2 /* GoogleService-Info.plist */,
				516803FEE424627EFA549B4B /* GoogleService-Info.plist.example */,
			);
			path = Resources;
			sourceTree = "<group>";
		};
		5FE017D945F8EF5D711BBBA1 = {
			isa = PBXGroup;
			children = (
				62344AAD9130A28C8AE6D854 /* AgentLens */,
				721973A7F518EA0EC0919740 /* AgentLensTests */,
				2347F2B1479ECDF1AF62A993 /* BurnBarDaemon */,
				D74A2B6D4762024B98FC4442 /* BurnBarDaemonExecutable */,
				0FDBA491ED04C7492229C5BD /* BurnBarDaemonTests */,
				8B073BDC54AC148B858D584B /* Packages */,
				B8C3613FDEE192A631370093 /* Products */,
			);
			sourceTree = "<group>";
		};
		62344AAD9130A28C8AE6D854 /* AgentLens */ = {
			isa = PBXGroup;
			children = (
				F622CC4D69D2B75BA57B792B /* App */,
				01B2C5FAA6EFB3C7E2AB162F /* Models */,
				58D1F7A80C1BBA7C53C38459 /* Resources */,
				DE54EC95940C4E44DF3E7E94 /* Services */,
				BCF4D5C4FC786079C0575A68 /* Theme */,
				EC628A23E09C59470FE68D9A /* Utilities */,
				95CE9AEF742F9165ABB68027 /* Views */,
			);
			path = AgentLens;
			sourceTree = "<group>";
		};
		6623CD7316ADE08CDD703D69 /* Dashboard */ = {
			isa = PBXGroup;
			children = (
				2AF3B136474EC87BAFF9A3B1 /* DashboardView.swift */,
				0263618C9749E500C938C0B1 /* NarrativeCardView.swift */,
				F4FDA5107B5C32DF13BF1B1C /* ProjectsView.swift */,
				2D3647B2340086A90F0DEF7D /* ProviderDashboardView.swift */,
				A1B2C3D4E5F60708 /* ModelDashboardView.swift */,
				EAD45369DB6FF2FB2D144762 /* SessionDetailView.swift */,
			);
			path = Dashboard;
			sourceTree = "<group>";
		};
		721973A7F518EA0EC0919740 /* AgentLensTests */ = {
			isa = PBXGroup;
			children = (
				180D764BB278219C8C08C531 /* AgentLensTests.swift */,
				DF00DDB2DC457FA8BCF2FD41 /* BurnBarDaemonManagerTests.swift */,
				FB2B6C595EE40639297CBC2A /* BurnBarMigrationTests.swift */,
				65A09A8DD647C8765C28A970 /* ConversationParsingTests.swift */,
				DD03FDBE76B81491FE3AD390 /* CursorConnectorTests.swift */,
				F7E6D5C4B3A291807061554F4 /* ProviderQuotaServiceTests.swift */,
			);
			path = AgentLensTests;
			sourceTree = "<group>";
		};
		882BB2854400C682A0CEAAB4 /* Popover */ = {
			isa = PBXGroup;
			children = (
				787CA705F565BE6C5765A7F7 /* InsightCardView.swift */,
				DB62777DDFCCE7756CE2583E /* MenuBarPopoverView.swift */,
				BD8EEF117D24EF855E0ADBF6 /* OnboardingView.swift */,
			);
			path = Popover;
			sourceTree = "<group>";
		};
		FF11AA22BB33CC44DD55EE99 /* SessionLogs */ = {
			isa = PBXGroup;
			children = (
				EE11AA22BB33CC44DD55EE00 /* SessionLogsView.swift */,
			);
			path = SessionLogs;
			sourceTree = "<group>";
		};
		8B073BDC54AC148B858D584B /* Packages */ = {
			isa = PBXGroup;
			children = (
				02FF039EF6AB618DE7C93651 /* BurnBarCore */,
			);
			name = Packages;
			sourceTree = "<group>";
		};
		95CE9AEF742F9165ABB68027 /* Views */ = {
			isa = PBXGroup;
			children = (
				96ECE9361E7ED2C9339B2B81 /* Charts */,
				247881B7E08D44024008B3E5 /* Chat */,
				15A5C7F19A6DF6F1DACA9F83 /* Components */,
				6623CD7316ADE08CDD703D69 /* Dashboard */,
				882BB2854400C682A0CEAAB4 /* Popover */,
				FF11AA22BB33CC44DD55EE99 /* SessionLogs */,
				972073AE992CC15463D4BF60 /* Settings */,
			);
			path = Views;
			sourceTree = "<group>";
		};
		96ECE9361E7ED2C9339B2B81 /* Charts */ = {
			isa = PBXGroup;
			children = (
			);
			path = Charts;
			sourceTree = "<group>";
		};
		972073AE992CC15463D4BF60 /* Settings */ = {
			isa = PBXGroup;
			children = (
				FD6F26FB866B92E10DC33128 /* SettingsView.swift */,
			);
			path = Settings;
			sourceTree = "<group>";
		};
		B8C3613FDEE192A631370093 /* Products */ = {
			isa = PBXGroup;
			children = (
				A4AA68F1319A1D37F2B0F20C /* BurnBar.app */,
				744780AD18D485DDFFF46DA4 /* BurnBarDaemonExecutable */,
				ECF5BA92CF853D4B7CDE5D9D /* BurnBarDaemonTests.xctest */,
				682017FCA38A7AB4A7C80608 /* BurnBarTests.xctest */,
				F18060AB007AAC6A073EE77F /* libBurnBarDaemon.a */,
			);
			name = Products;
			sourceTree = "<group>";
		};
		BCF4D5C4FC786079C0575A68 /* Theme */ = {
			isa = PBXGroup;
			children = (
				09680869E5BE9F09B6BA54AA /* ColorAdaptive.swift */,
				57C75EE1CC1C5085466E59BE /* DesignSystem.swift */,
				F7E6D5C4B3A291807061554D7 /* LLMModelBrand.swift */,
				DBA805C308D29564142BA7F9 /* ProviderTheme.swift */,
				0E1396996BD4F1A33C8202CE /* ThemeManager.swift */,
			);
			path = Theme;
			sourceTree = "<group>";
		};
		D74A2B6D4762024B98FC4442 /* BurnBarDaemonExecutable */ = {
			isa = PBXGroup;
			children = (
				B10B81A290BB2FA13F52EF43 /* BurnBarDaemonMain.swift */,
			);
			name = BurnBarDaemonExecutable;
			path = BurnBarDaemon/Sources/BurnBarDaemonExecutable;
			sourceTree = "<group>";
		};
		DE54EC95940C4E44DF3E7E94 /* Services */ = {
			isa = PBXGroup;
			children = (
				015F65D6FBAFB821D94103A3 /* BurnBarDaemon */,
				FF6DA51936188AD0E5DA0DA9 /* CursorConnector */,
				DED2D904049A61B97301824C /* DataStore */,
				07577554CAB39B3F32A73320 /* LogParser */,
				F7E6D5C4B3A291807061554B0 /* ProviderUsageAPI */,
				919C163E3845CED5CB2A8D6A /* AccountManager.swift */,
				7A75541FE7442B29F4894BCC /* BurnBarIdentity.swift */,
				F729FDFE6D34B6F03B5DDCA9 /* CLIBridge.swift */,
				6CD006CD9B9241D1364DE204 /* CloudSyncService.swift */,
				AA11BB22CC33DD44EE556600 /* ICloudSessionMirrorService.swift */,
				CC11DD22EE33445566778800 /* SessionLogMarkdownFormatter.swift */,
				0C0C003B0BC42F2B9629E344 /* ContextBuilder.swift */,
				F78AAB24FFCF6E834BEF9F57 /* ConversationIndexer.swift */,
				EAC7BF69A4E9C2151614E0DB /* DailyDigestManager.swift */,
				101905159A0133B28DE3CE39 /* DataStore.swift */,
				8C7570151F5AA138EA100752 /* InsightEngine.swift */,
				B4DF7BE299DBC731B8FECEBB /* ModelPricing.swift */,
				F7E6D5C4B3A291807061554F0 /* ProviderQuotaService.swift */,
				84E08215997E4EC968826D45 /* SearchService.swift */,
				33CC7CCE2E9BF08471CE475C /* SettingsManager.swift */,
				0C27E98F51683D9AACE8A82F /* UsageAggregator.swift */,
			);
			path = Services;
			sourceTree = "<group>";
		};
		DED2D904049A61B97301824C /* DataStore */ = {
			isa = PBXGroup;
			children = (
			);
			path = DataStore;
			sourceTree = "<group>";
		};
		EC628A23E09C59470FE68D9A /* Utilities */ = {
			isa = PBXGroup;
			children = (
				979643508E77719C5C1D947C /* Formatting.swift */,
			);
			path = Utilities;
			sourceTree = "<group>";
		};
		F622CC4D69D2B75BA57B792B /* App */ = {
			isa = PBXGroup;
			children = (
				0BB63B965BA4D6A7398DEE39 /* AgentLensApp.swift */,
				796FA1BE8E5B299F6ACC23EB /* AppDelegate.swift */,
			);
			path = App;
			sourceTree = "<group>";
		};
		FF6DA51936188AD0E5DA0DA9 /* CursorConnector */ = {
			isa = PBXGroup;
			children = (
				34DC63AE4066BA4C15C2AD9B /* CursorConnectorManager.swift */,
				7356C2B877EAD026DC34C39C /* CursorConnectorModels.swift */,
				E585C2B7DE464924EC3F5751 /* KeychainStore.swift */,
			);
			path = CursorConnector;
			sourceTree = "<group>";
		};
/* End PBXGroup section */

/* Begin PBXNativeTarget section */
		2D792008A0E5A53172665AD8 /* BurnBarDaemonTests */ = {
			isa = PBXNativeTarget;
			buildConfigurationList = 178D704E040A4E0F899A0F7A /* Build configuration list for PBXNativeTarget "BurnBarDaemonTests" */;
			buildPhases = (
				FFF733D3CAAD11181D9FBFDE /* Sources */,
				F8CE4EDFD7B55AD694385465 /* Frameworks */,
			);
			buildRules = (
			);
			dependencies = (
				EE1229481DF738FB46609CC7 /* PBXTargetDependency */,
				7C0C210908B0D810CBE0E0F3 /* PBXTargetDependency */,
			);
			name = BurnBarDaemonTests;
			packageProductDependencies = (
				5B28647A9AFE4CA61A02C4FA /* BurnBarCore */,
			);
			productName = BurnBarDaemonTests;
			productReference = ECF5BA92CF853D4B7CDE5D9D /* BurnBarDaemonTests.xctest */;
			productType = "com.apple.product-type.bundle.unit-test";
		};
		8A4B11EB8718CC65B3641862 /* BurnBarDaemon */ = {
			isa = PBXNativeTarget;
			buildConfigurationList = 6ED240BD3BECE813514FD771 /* Build configuration list for PBXNativeTarget "BurnBarDaemon" */;
			buildPhases = (
				62468ACE2B3AF44B4740F79F /* Sources */,
				0BEAC8A351C99DD547D6BA9B /* Copy Swift Objective-C Interface Header */,
			);
			buildRules = (
			);
			dependencies = (
				4CA8A06EF1CE881A473E5D19 /* PBXTargetDependency */,
			);
			name = BurnBarDaemon;
			packageProductDependencies = (
				76215FC91DF382206891AE7F /* BurnBarCore */,
			);
			productName = BurnBarDaemon;
			productReference = F18060AB007AAC6A073EE77F /* libBurnBarDaemon.a */;
			productType = "com.apple.product-type.library.static";
		};
		CCAAB67E29FF9D25D2076CA1 /* BurnBarDaemonExecutable */ = {
			isa = PBXNativeTarget;
			buildConfigurationList = 99135C58F925610E7B461B77 /* Build configuration list for PBXNativeTarget "BurnBarDaemonExecutable" */;
			buildPhases = (
				F086B41DB5C18F7F8379FAFE /* Sources */,
				F148E2C3F83AA179DEBB2616 /* Frameworks */,
			);
			buildRules = (
			);
			dependencies = (
				44E3A4E1F415FFC68D20398A /* PBXTargetDependency */,
			);
			name = BurnBarDaemonExecutable;
			packageProductDependencies = (
				3404298C8DE53D53D16D8D4B /* BurnBarCore */,
			);
			productName = BurnBarDaemonExecutable;
			productReference = 744780AD18D485DDFFF46DA4 /* BurnBarDaemonExecutable */;
			productType = "com.apple.product-type.tool";
		};
		F0EC55BBD5021BDEA98C593E /* BurnBar */ = {
			isa = PBXNativeTarget;
			buildConfigurationList = 922F4964277AACC9F435E4AE /* Build configuration list for PBXNativeTarget "BurnBar" */;
			buildPhases = (
				1742337C8346CF6635B2D01A /* Sources */,
				138D578B8ABB92D04F73063B /* Resources */,
				B7B802C5771BC9FA9ABC9046 /* Frameworks */,
			);
			buildRules = (
			);
			dependencies = (
				469178811FC321D17A5214E2 /* PBXTargetDependency */,
			);
			name = BurnBar;
			packageProductDependencies = (
				672895C82DE1B508B5837144 /* BurnBarCore */,
				E37D681CEE596C358C399E97 /* GRDB */,
				13242102B8AB16D7BF4F0829 /* FirebaseAuth */,
				75A41CA28F5F94306C9AEBD3 /* FirebaseFirestore */,
				F04B5C9B1DD26137230DCDBC /* GoogleSignIn */,
			);
			productName = BurnBar;
			productReference = A4AA68F1319A1D37F2B0F20C /* BurnBar.app */;
			productType = "com.apple.product-type.application";
		};
		F4090E8EFEBD76DDA074075A /* BurnBarTests */ = {
			isa = PBXNativeTarget;
			buildConfigurationList = EB41A10CD5AA71244BB881B5 /* Build configuration list for PBXNativeTarget "BurnBarTests" */;
			buildPhases = (
				6E2A84ABC2DC9167D67080FE /* Sources */,
			);
			buildRules = (
			);
			dependencies = (
				45A20D9DE0C03A99884C88B7 /* PBXTargetDependency */,
			);
			name = BurnBarTests;
			packageProductDependencies = (
			);
			productName = BurnBarTests;
			productReference = 682017FCA38A7AB4A7C80608 /* BurnBarTests.xctest */;
			productType = "com.apple.product-type.bundle.unit-test";
		};
/* End PBXNativeTarget section */

/* Begin PBXProject section */
		432E2B9BBC9CBAC438D98577 /* Project object */ = {
			isa = PBXProject;
			attributes = {
				BuildIndependentTargetsInParallel = YES;
				LastUpgradeCheck = 1600;
				TargetAttributes = {
					2D792008A0E5A53172665AD8 = {
						ProvisioningStyle = Automatic;
					};
					8A4B11EB8718CC65B3641862 = {
						ProvisioningStyle = Automatic;
					};
					CCAAB67E29FF9D25D2076CA1 = {
						ProvisioningStyle = Automatic;
					};
					F0EC55BBD5021BDEA98C593E = {
						ProvisioningStyle = Automatic;
					};
					F4090E8EFEBD76DDA074075A = {
						ProvisioningStyle = Automatic;
					};
				};
			};
			buildConfigurationList = C3C18D01849DBACEACF4D151 /* Build configuration list for PBXProject "BurnBar" */;
			developmentRegion = en;
			hasScannedForEncodings = 0;
			knownRegions = (
				Base,
				en,
			);
			mainGroup = 5FE017D945F8EF5D711BBBA1;
			minimizedProjectReferenceProxies = 1;
			packageReferences = (
				36E44B6A0754B8A49BAA768A /* XCRemoteSwiftPackageReference "firebase-ios-sdk" */,
				7B93F196728A06D5A1262ED3 /* XCRemoteSwiftPackageReference "GRDB" */,
				D77E1B9B2963A98DD4EB9C5C /* XCRemoteSwiftPackageReference "GoogleSignIn-iOS" */,
				1592DE07DA11E5F4F9C35198 /* XCLocalSwiftPackageReference "BurnBarCore" */,
			);
			preferredProjectObjectVersion = 77;
			productRefGroup = B8C3613FDEE192A631370093 /* Products */;
			projectDirPath = "";
			projectRoot = "";
			targets = (
				F0EC55BBD5021BDEA98C593E /* BurnBar */,
				8A4B11EB8718CC65B3641862 /* BurnBarDaemon */,
				CCAAB67E29FF9D25D2076CA1 /* BurnBarDaemonExecutable */,
				2D792008A0E5A53172665AD8 /* BurnBarDaemonTests */,
				F4090E8EFEBD76DDA074075A /* BurnBarTests */,
			);
		};
/* End PBXProject section */

/* Begin PBXResourcesBuildPhase section */
		138D578B8ABB92D04F73063B /* Resources */ = {
			isa = PBXResourcesBuildPhase;
			buildActionMask = 2147483647;
			files = (
				CD06514B50B91D4D3095D771 /* 66e1b25cc9185ef537421b18_Factory.ai.webp in Resources */,
				6A4DAC63BB30F8458BFACE26 /* Assets.xcassets in Resources */,
				5CEB345FDC7C5D565C8C6CB2 /* GoogleService-Info.plist in Resources */,
				B801CB334DBD194CD3CCC5C9 /* GoogleService-Info.plist.example in Resources */,
			);
			runOnlyForDeploymentPostprocessing = 0;
		};
/* End PBXResourcesBuildPhase section */

/* Begin PBXShellScriptBuildPhase section */
		0BEAC8A351C99DD547D6BA9B /* Copy Swift Objective-C Interface Header */ = {
			isa = PBXShellScriptBuildPhase;
			buildActionMask = 2147483647;
			files = (
			);
			inputPaths = (
				"$(DERIVED_SOURCES_DIR)/$(SWIFT_OBJC_INTERFACE_HEADER_NAME)",
			);
			name = "Copy Swift Objective-C Interface Header";
			outputPaths = (
				"$(BUILT_PRODUCTS_DIR)/include/$(PRODUCT_MODULE_NAME)/$(SWIFT_OBJC_INTERFACE_HEADER_NAME)",
			);
			runOnlyForDeploymentPostprocessing = 0;
			shellPath = /bin/sh;
			shellScript = "ditto \"${SCRIPT_INPUT_FILE_0}\" \"${SCRIPT_OUTPUT_FILE_0}\"\n";
		};
/* End PBXShellScriptBuildPhase section */

/* Begin PBXSourcesBuildPhase section */
		1742337C8346CF6635B2D01A /* Sources */ = {
			isa = PBXSourcesBuildPhase;
			buildActionMask = 2147483647;
			files = (
				42953BEAE38B676C6EBD6384 /* AccountManager.swift in Sources */,
				0C6144388B50FEA9575D4ECB /* AgentLensApp.swift in Sources */,
				8B70B20C4CB174C0EE104F0B /* AgentProvider.swift in Sources */,
				EEDDF4098BDB681E68B3DCD8 /* AppDelegate.swift in Sources */,
				00CF8F604CC04B577CA6CFF0 /* AppLogoView.swift in Sources */,
				4D455F701D9DB63B75DB7138 /* BurnBarDaemonManager.swift in Sources */,
				353FC2A36D8DB60F6018E9F5 /* BurnBarIdentity.swift in Sources */,
				996C4E4C0C5D370445E86E59 /* CLIAssistantConsentSheet.swift in Sources */,
				D45856434D21B5ADBE66D70A /* CLIBridge.swift in Sources */,
				538B4122D661C21C5C78795F /* ChatFAB.swift in Sources */,
				93F39ED729B41A62FFECA398 /* ChatMessageView.swift in Sources */,
				279D475C721B1D66032D1A40 /* ChatPanel.swift in Sources */,
				28E2E74FB32DF78342143C1A /* ChatSessionController.swift in Sources */,
				8D77F5D4F3A5E3DC6A2BF45C /* ClaudeCodeParser.swift in Sources */,
				F7E6D5C4B3A291807061554C0 /* AnthropicUsageAPI.swift in Sources */,
				D1465342E1C49F1C5B32D9BF /* ClaudeConversationExtractor.swift in Sources */,
				7D62BA6F6FCE298E4AD710F9 /* CloudSyncService.swift in Sources */,
				AA11BB22CC33DD44EE556601 /* ICloudSessionMirrorService.swift in Sources */,
				CC11DD22EE33445566778801 /* SessionLogMarkdownFormatter.swift in Sources */,
				ADC3D20DDABC845D7ECF52D3 /* ColorAdaptive.swift in Sources */,
				4C1DEE0A243A0D0F82A5F94B /* ContextBuilder.swift in Sources */,
				2160E0861FDA738ABA9FB7F2 /* ConversationIndexer.swift in Sources */,
				FF7C1830F6BB33A71CD79EE4 /* ConversationRecord.swift in Sources */,
				1EF1BE9D77D9BFB209A4C144 /* CursorConnectorManager.swift in Sources */,
				8D1ECC59ACF18EC42BC81573 /* CursorConnectorModels.swift in Sources */,
				267D5B08C8170557A8B5B8A2 /* DailyDigestManager.swift in Sources */,
				3BAB70BEDBC07D8A19C3E307 /* DashboardView.swift in Sources */,
				B1C2D3E4F5060712 /* DashboardActionGlyphs.swift in Sources */,
				C3789CDE17F2855242A5D2F5 /* DataStore.swift in Sources */,
				64396AEAD16A95B365B5C34D /* DesignSystem.swift in Sources */,
				F7E6D5C4B3A291807061554D8 /* LLMModelBrand.swift in Sources */,
				56A87437FBFF7D3BD7131711 /* FactoryDroidParser.swift in Sources */,
				A9B05FFB93001CF32AC82F48 /* Formatting.swift in Sources */,
				F7E6D5C4B3A291807061554C6 /* GeminiCLIParser.swift in Sources */,
				F7E6D5C4B3A291807061554C1 /* GitHubCopilotUsageAPI.swift in Sources */,
				345CE3C3DC3EEFE4EDDCE6BF /* InsightBriefCard.swift in Sources */,
				15E5CD3894F270D058BB4EC0 /* InsightCardView.swift in Sources */,
				F7E6D5C4B3A291807061554C7 /* GooseParser.swift in Sources */,
				9BF79DF35C6E49FCCF10E7AE /* InsightEngine.swift in Sources */,
				86FE7AA85FD388F048D169AF /* KeychainStore.swift in Sources */,
				0E56C051DACB1C66589F2A31 /* KimiParser.swift in Sources */,
				F7E6D5C4B3A291807061554C2 /* OpenAIUsageAPI.swift in Sources */,
				F7E6D5C4B3A291807061554C3 /* OpenRouterUsageAPI.swift in Sources */,
				FC0F0E2E8CD05CDD418B22F9 /* LogParserProtocol.swift in Sources */,
				416A01A17B8084A11BE4CD21 /* MenuBarPopoverView.swift in Sources */,
				4C169BE060466EBFA824FE12 /* MiniSparkline.swift in Sources */,
				F7E6D5C4B3A291807061554DA /* ModelProviderLogoView.swift in Sources */,
				F7E6D5C4B3A291807061554E1 /* SessionLedgerSection.swift in Sources */,
				C0C391E1AE3B91F98AA817F9 /* ModelPricing.swift in Sources */,
				5C0724473518856FD77FD381 /* NarrativeCardView.swift in Sources */,
				FCB2B100086EB32711D2677A /* OnboardingView.swift in Sources */,
				A46C2B6F13102032252A1F21 /* ProjectsView.swift in Sources */,
				F96F34F5EB13D199D821A7EC /* ProviderDashboardView.swift in Sources */,
				F7E6D5C4B3A291807061554C4 /* ProviderUsageAPIService.swift in Sources */,
				ACCEEE5A80DA4687 /* TokenExtractionUtility.swift in Sources */,
				89E93E81049A0FA5 /* ClineFormatParser.swift in Sources */,
				54E6263A0ECCF0EB /* ForgeDevParser.swift in Sources */,
				A9C74FE3309C0F35 /* AugmentParser.swift in Sources */,
				5F53D5E9AB35BEFF /* HermesParser.swift in Sources */,
				B2C3D4E5F6070809 /* ModelDashboardView.swift in Sources */,
				05A6E3A1E5E7A10FD483BC7B /* ProviderLogoView.swift in Sources */,
				F7E6D5C4B3A291807061554F3 /* ProviderQuotaViews.swift in Sources */,
				F7E6D5C4B3A291807061554F1 /* ProviderQuotaService.swift in Sources */,
				E9F2A8ED3429D40FF1A5FBC5 /* ProviderTheme.swift in Sources */,
				0B81470A3FAFC854A11B8D48 /* SearchService.swift in Sources */,
				AAF91CB4D31BF1A344E7BA87 /* SessionDetailView.swift in Sources */,
				EE11AA22BB33CC44DD55EE01 /* SessionLogsView.swift in Sources */,
				E51DD6FEEC5C264E8BB711DC /* SettingsManager.swift in Sources */,
				63129433EF48F8636FCB8B1A /* SettingsView.swift in Sources */,
				8A964B0CD5A05F81129CEF49 /* ThemeManager.swift in Sources */,
				3D4793ECE8FBF7FBEBD9E7C4 /* UsageAggregator.swift in Sources */,
				F7E6D5C4B3A291807061554C5 /* ZaiMiniMaxUsageProbe.swift in Sources */,
			);
			runOnlyForDeploymentPostprocessing = 0;
		};
		62468ACE2B3AF44B4740F79F /* Sources */ = {
			isa = PBXSourcesBuildPhase;
			buildActionMask = 2147483647;
			files = (
				C0FFEE01DEAD0003BEEF0002 /* BurnBarAgentLoopService.swift in Sources */,
				28FAE9E14D36DEE0C584ACFF /* BurnBarClientRegistry.swift in Sources */,
				00AC75B060491F5A14E576FA /* BurnBarConfigStore.swift in Sources */,
				C0FFEE01DEAD0002BEEF0002 /* BurnBarContextSelector.swift in Sources */,
				24CC9553D5FCF5770DD2B335 /* BurnBarDaemonConfiguration.swift in Sources */,
				E0AF93D560D7D5C985E42467 /* BurnBarDaemonLogger.swift in Sources */,
				995479B39BB2DB0BBB7C851A /* BurnBarDaemonServer.swift in Sources */,
				C0FFEE01DEAD0001BEEF0002 /* BurnBarPlannerService.swift in Sources */,
				C0FFEE01DEAD0005BEEF0002 /* BurnBarPolicyEngine.swift in Sources */,
				720603691FA7249468178568 /* BurnBarProviderCatalogSupport.swift in Sources */,
				0C9D72C6C2B0FE162D901F43 /* BurnBarProviderExecutor.swift in Sources */,
				6EA6639C091DB34D5D77EEC4 /* BurnBarProviderRouter.swift in Sources */,
				C0FFEE01DEAD0004BEEF0002 /* BurnBarRecoveryEngine.swift in Sources */,
				C0FFEE01DEAD0006BEEF0002 /* BurnBarRunJournal.swift in Sources */,
				D405A794676962042118DB54 /* BurnBarRunService.swift in Sources */,
				A5DDAF93CA320ED6D4AF538F /* BurnBarUsageRecorder.swift in Sources */,
				F20A38289F6B1139A1020E37 /* BurnBarWorkspaceBridgeBroker.swift in Sources */,
			);
			runOnlyForDeploymentPostprocessing = 0;
		};
		6E2A84ABC2DC9167D67080FE /* Sources */ = {
			isa = PBXSourcesBuildPhase;
			buildActionMask = 2147483647;
			files = (
				2DDBB36CB651B9922A12F0D6 /* AgentLensTests.swift in Sources */,
				2989CD7BDFFAEA0A58660E79 /* BurnBarDaemonManagerTests.swift in Sources */,
				E616D6AB30E4E8668C86DDD3 /* BurnBarMigrationTests.swift in Sources */,
				FDCF746FB0D1A9FFA4775177 /* ConversationParsingTests.swift in Sources */,
				98E18FD279ED3571BCE5686D /* CursorConnectorTests.swift in Sources */,
				F7E6D5C4B3A291807061554F5 /* ProviderQuotaServiceTests.swift in Sources */,
			);
			runOnlyForDeploymentPostprocessing = 0;
		};
		F086B41DB5C18F7F8379FAFE /* Sources */ = {
			isa = PBXSourcesBuildPhase;
			buildActionMask = 2147483647;
			files = (
				919C9DB35478E7E2BC98E194 /* BurnBarDaemonMain.swift in Sources */,
			);
			runOnlyForDeploymentPostprocessing = 0;
		};
		FFF733D3CAAD11181D9FBFDE /* Sources */ = {
			isa = PBXSourcesBuildPhase;
			buildActionMask = 2147483647;
			files = (
				E0A8312686E5453E69374B2E /* BurnBarConfigStoreTests.swift in Sources */,
				A89458ED3F44A60CAFC0379D /* BurnBarDaemonServerTests.swift in Sources */,
				3E8D4A575AB9E29537153CE3 /* BurnBarProviderRouterTests.swift in Sources */,
				A4C3A23CC6CEE7590D98DA78 /* BurnBarRunServiceTests.swift in Sources */,
				AE2F79139358807805CF4C9D /* BurnBarUsageRecorderTests.swift in Sources */,
			);
			runOnlyForDeploymentPostprocessing = 0;
		};
/* End PBXSourcesBuildPhase section */

/* Begin PBXTargetDependency section */
		44E3A4E1F415FFC68D20398A /* PBXTargetDependency */ = {
			isa = PBXTargetDependency;
			target = 8A4B11EB8718CC65B3641862 /* BurnBarDaemon */;
			targetProxy = 34B528176E18551396AE49CA /* PBXContainerItemProxy */;
		};
		45A20D9DE0C03A99884C88B7 /* PBXTargetDependency */ = {
			isa = PBXTargetDependency;
			target = F0EC55BBD5021BDEA98C593E /* BurnBar */;
			targetProxy = 696A4DAD5283D2078465BB19 /* PBXContainerItemProxy */;
		};
		469178811FC321D17A5214E2 /* PBXTargetDependency */ = {
			isa = PBXTargetDependency;
			target = CCAAB67E29FF9D25D2076CA1 /* BurnBarDaemonExecutable */;
			targetProxy = 02FDE6030F46527229560220 /* PBXContainerItemProxy */;
		};
		4CA8A06EF1CE881A473E5D19 /* PBXTargetDependency */ = {
			isa = PBXTargetDependency;
			productRef = 76215FC91DF382206891AE7F /* BurnBarCore */;
		};
		7C0C210908B0D810CBE0E0F3 /* PBXTargetDependency */ = {
			isa = PBXTargetDependency;
			target = CCAAB67E29FF9D25D2076CA1 /* BurnBarDaemonExecutable */;
			targetProxy = 1699D0CF42A3E01D3228F74E /* PBXContainerItemProxy */;
		};
		EE1229481DF738FB46609CC7 /* PBXTargetDependency */ = {
			isa = PBXTargetDependency;
			target = 8A4B11EB8718CC65B3641862 /* BurnBarDaemon */;
			targetProxy = 02A1DA3265901C926B963DA6 /* PBXContainerItemProxy */;
		};
/* End PBXTargetDependency section */

/* Begin XCBuildConfiguration section */
		190A9E1E955F1E50E917B28F /* Release */ = {
			isa = XCBuildConfiguration;
			buildSettings = {
				COMBINE_HIDPI_IMAGES = YES;
				LD_RUNPATH_SEARCH_PATHS = (
					"$(inherited)",
					"@executable_path/../Frameworks",
				);
				OTHER_LDFLAGS = (
					"$(inherited)",
					"-ObjC",
				);
				PRODUCT_BUNDLE_IDENTIFIER = com.burnbar.daemon;
				PRODUCT_MODULE_NAME = BurnBarDaemonExecutable;
				PRODUCT_NAME = BurnBarDaemon;
				SDKROOT = macosx;
			};
			name = Release;
		};
		2E6260F5993C7A652E984CF4 /* Debug */ = {
			isa = XCBuildConfiguration;
			buildSettings = {
				ASSETCATALOG_COMPILER_APPICON_NAME = AppIcon;
				CODE_SIGN_ENTITLEMENTS = AgentLens/Resources/BurnBar.entitlements;
				COMBINE_HIDPI_IMAGES = YES;
				DEVELOPMENT_TEAM = 4Y367DF25B;
				INFOPLIST_FILE = "AgentLens/Resources/BurnBar-Info.plist";
				INFOPLIST_KEY_CFBundleDisplayName = BurnBar;
				INFOPLIST_KEY_CFBundleName = BurnBar;
				LD_RUNPATH_SEARCH_PATHS = (
					"$(inherited)",
					"@executable_path/../Frameworks",
				);
				PRODUCT_BUNDLE_IDENTIFIER = com.burnbar.app;
				PRODUCT_NAME = BurnBar;
				SDKROOT = macosx;
			};
			name = Debug;
		};
		2F33ECFF351ED321EA0650B6 /* Debug */ = {
			isa = XCBuildConfiguration;
			buildSettings = {
				COMBINE_HIDPI_IMAGES = YES;
				LD_RUNPATH_SEARCH_PATHS = (
					"$(inherited)",
					"@executable_path/../Frameworks",
				);
				PRODUCT_BUNDLE_IDENTIFIER = com.burnbar.BurnBarDaemon;
				PRODUCT_NAME = BurnBarDaemon;
				SDKROOT = macosx;
				SKIP_INSTALL = YES;
			};
			name = Debug;
		};
		32B83308DC24185F26CFF1C7 /* Debug */ = {
			isa = XCBuildConfiguration;
			buildSettings = {
				BUNDLE_LOADER = "$(BUILT_PRODUCTS_DIR)/BurnBar.app/Contents/MacOS/BurnBar";
				COMBINE_HIDPI_IMAGES = YES;
				LD_RUNPATH_SEARCH_PATHS = (
					"$(inherited)",
					"@executable_path/../Frameworks",
					"@loader_path/../Frameworks",
				);
				PRODUCT_BUNDLE_IDENTIFIER = com.burnbar.tests;
				PRODUCT_NAME = BurnBarTests;
				SDKROOT = macosx;
				TEST_HOST = "$(BUNDLE_LOADER)";
			};
			name = Debug;
		};
		3936DC77A4138E6A76523EEF /* Release */ = {
			isa = XCBuildConfiguration;
			buildSettings = {
				BUNDLE_LOADER = "$(TEST_HOST)";
				COMBINE_HIDPI_IMAGES = YES;
				LD_RUNPATH_SEARCH_PATHS = (
					"$(inherited)",
					"@executable_path/../Frameworks",
					"@loader_path/../Frameworks",
				);
				OTHER_LDFLAGS = (
					"$(inherited)",
					"-ObjC",
				);
				PRODUCT_BUNDLE_IDENTIFIER = com.burnbar.daemon.tests;
				PRODUCT_NAME = BurnBarDaemonTests;
				SDKROOT = macosx;
			};
			name = Release;
		};
		3C430C83A94C2BFC7453C77E /* Debug */ = {
			isa = XCBuildConfiguration;
			buildSettings = {
				COMBINE_HIDPI_IMAGES = YES;
				LD_RUNPATH_SEARCH_PATHS = (
					"$(inherited)",
					"@executable_path/../Frameworks",
				);
				OTHER_LDFLAGS = (
					"$(inherited)",
					"-ObjC",
				);
				PRODUCT_BUNDLE_IDENTIFIER = com.burnbar.daemon;
				PRODUCT_MODULE_NAME = BurnBarDaemonExecutable;
				PRODUCT_NAME = BurnBarDaemon;
				SDKROOT = macosx;
			};
			name = Debug;
		};
		59F866CDC116EA67B1922B9E /* Release */ = {
			isa = XCBuildConfiguration;
			buildSettings = {
				ALWAYS_SEARCH_USER_PATHS = NO;
				CLANG_ANALYZER_NONNULL = YES;
				CLANG_ANALYZER_NUMBER_OBJECT_CONVERSION = YES_AGGRESSIVE;
				CLANG_CXX_LANGUAGE_STANDARD = "gnu++14";
				CLANG_CXX_LIBRARY = "libc++";
				CLANG_ENABLE_MODULES = YES;
				CLANG_ENABLE_OBJC_ARC = YES;
				CLANG_ENABLE_OBJC_WEAK = YES;
				CLANG_WARN_BLOCK_CAPTURE_AUTORELEASING = YES;
				CLANG_WARN_BOOL_CONVERSION = YES;
				CLANG_WARN_COMMA = YES;
				CLANG_WARN_CONSTANT_CONVERSION = YES;
				CLANG_WARN_DEPRECATED_OBJC_IMPLEMENTATIONS = YES;
				CLANG_WARN_DIRECT_OBJC_ISA_USAGE = YES_ERROR;
				CLANG_WARN_DOCUMENTATION_COMMENTS = YES;
				CLANG_WARN_EMPTY_BODY = YES;
				CLANG_WARN_ENUM_CONVERSION = YES;
				CLANG_WARN_INFINITE_RECURSION = YES;
				CLANG_WARN_INT_CONVERSION = YES;
				CLANG_WARN_NON_LITERAL_NULL_CONVERSION = YES;
				CLANG_WARN_OBJC_IMPLICIT_RETAIN_SELF = YES;
				CLANG_WARN_OBJC_LITERAL_CONVERSION = YES;
				CLANG_WARN_OBJC_ROOT_CLASS = YES_ERROR;
				CLANG_WARN_QUOTED_INCLUDE_IN_FRAMEWORK_HEADER = YES;
				CLANG_WARN_RANGE_LOOP_ANALYSIS = YES;
				CLANG_WARN_STRICT_PROTOTYPES = YES;
				CLANG_WARN_SUSPICIOUS_MOVE = YES;
				CLANG_WARN_UNGUARDED_AVAILABILITY = YES_AGGRESSIVE;
				CLANG_WARN_UNREACHABLE_CODE = YES;
				CLANG_WARN__DUPLICATE_METHOD_MATCH = YES;
				CODE_SIGN_STYLE = Automatic;
				COPY_PHASE_STRIP = NO;
				CURRENT_PROJECT_VERSION = 1;
				DEBUG_INFORMATION_FORMAT = "dwarf-with-dsym";
				ENABLE_NS_ASSERTIONS = NO;
				ENABLE_PREVIEWS = YES;
				ENABLE_STRICT_OBJC_MSGSEND = YES;
				GCC_C_LANGUAGE_STANDARD = gnu11;
				GCC_NO_COMMON_BLOCKS = YES;
				GCC_WARN_64_TO_32_BIT_CONVERSION = YES;
				GCC_WARN_ABOUT_RETURN_TYPE = YES_ERROR;
				GCC_WARN_UNDECLARED_SELECTOR = YES;
				GCC_WARN_UNINITIALIZED_AUTOS = YES_AGGRESSIVE;
				GCC_WARN_UNUSED_FUNCTION = YES;
				GCC_WARN_UNUSED_VARIABLE = YES;
				GENERATE_INFOPLIST_FILE = YES;
				INFOPLIST_KEY_LSApplicationCategoryType = "public.app-category.utilities";
				INFOPLIST_KEY_LSUIElement = YES;
				MACOSX_DEPLOYMENT_TARGET = 14.0;
				MARKETING_VERSION = 1.0.0;
				MTL_ENABLE_DEBUG_INFO = NO;
				MTL_FAST_MATH = YES;
				PRODUCT_NAME = "$(TARGET_NAME)";
				SDKROOT = macosx;
				SWIFT_COMPILATION_MODE = wholemodule;
				SWIFT_OPTIMIZATION_LEVEL = "-O";
				SWIFT_STRICT_CONCURRENCY = complete;
				SWIFT_VERSION = 5.10;
			};
			name = Release;
		};
		7EF912A860B497D77241625B /* Release */ = {
			isa = XCBuildConfiguration;
			buildSettings = {
				BUNDLE_LOADER = "$(BUILT_PRODUCTS_DIR)/BurnBar.app/Contents/MacOS/BurnBar";
				COMBINE_HIDPI_IMAGES = YES;
				LD_RUNPATH_SEARCH_PATHS = (
					"$(inherited)",
					"@executable_path/../Frameworks",
					"@loader_path/../Frameworks",
				);
				PRODUCT_BUNDLE_IDENTIFIER = com.burnbar.tests;
				PRODUCT_NAME = BurnBarTests;
				SDKROOT = macosx;
				TEST_HOST = "$(BUNDLE_LOADER)";
			};
			name = Release;
		};
		8FC8BE331E9ECBC8F5F8DB1E /* Release */ = {
			isa = XCBuildConfiguration;
			buildSettings = {
				ASSETCATALOG_COMPILER_APPICON_NAME = AppIcon;
				CODE_SIGN_ENTITLEMENTS = AgentLens/Resources/BurnBar.entitlements;
				COMBINE_HIDPI_IMAGES = YES;
				DEVELOPMENT_TEAM = 4Y367DF25B;
				INFOPLIST_FILE = "AgentLens/Resources/BurnBar-Info.plist";
				INFOPLIST_KEY_CFBundleDisplayName = BurnBar;
				INFOPLIST_KEY_CFBundleName = BurnBar;
				LD_RUNPATH_SEARCH_PATHS = (
					"$(inherited)",
					"@executable_path/../Frameworks",
				);
				PRODUCT_BUNDLE_IDENTIFIER = com.burnbar.app;
				PRODUCT_NAME = BurnBar;
				SDKROOT = macosx;
			};
			name = Release;
		};
		A626314C229BEC670DCE1F07 /* Debug */ = {
			isa = XCBuildConfiguration;
			buildSettings = {
				ALWAYS_SEARCH_USER_PATHS = NO;
				CLANG_ANALYZER_NONNULL = YES;
				CLANG_ANALYZER_NUMBER_OBJECT_CONVERSION = YES_AGGRESSIVE;
				CLANG_CXX_LANGUAGE_STANDARD = "gnu++14";
				CLANG_CXX_LIBRARY = "libc++";
				CLANG_ENABLE_MODULES = YES;
				CLANG_ENABLE_OBJC_ARC = YES;
				CLANG_ENABLE_OBJC_WEAK = YES;
				CLANG_WARN_BLOCK_CAPTURE_AUTORELEASING = YES;
				CLANG_WARN_BOOL_CONVERSION = YES;
				CLANG_WARN_COMMA = YES;
				CLANG_WARN_CONSTANT_CONVERSION = YES;
				CLANG_WARN_DEPRECATED_OBJC_IMPLEMENTATIONS = YES;
				CLANG_WARN_DIRECT_OBJC_ISA_USAGE = YES_ERROR;
				CLANG_WARN_DOCUMENTATION_COMMENTS = YES;
				CLANG_WARN_EMPTY_BODY = YES;
				CLANG_WARN_ENUM_CONVERSION = YES;
				CLANG_WARN_INFINITE_RECURSION = YES;
				CLANG_WARN_INT_CONVERSION = YES;
				CLANG_WARN_NON_LITERAL_NULL_CONVERSION = YES;
				CLANG_WARN_OBJC_IMPLICIT_RETAIN_SELF = YES;
				CLANG_WARN_OBJC_LITERAL_CONVERSION = YES;
				CLANG_WARN_OBJC_ROOT_CLASS = YES_ERROR;
				CLANG_WARN_QUOTED_INCLUDE_IN_FRAMEWORK_HEADER = YES;
				CLANG_WARN_RANGE_LOOP_ANALYSIS = YES;
				CLANG_WARN_STRICT_PROTOTYPES = YES;
				CLANG_WARN_SUSPICIOUS_MOVE = YES;
				CLANG_WARN_UNGUARDED_AVAILABILITY = YES_AGGRESSIVE;
				CLANG_WARN_UNREACHABLE_CODE = YES;
				CLANG_WARN__DUPLICATE_METHOD_MATCH = YES;
				CODE_SIGN_STYLE = Automatic;
				COPY_PHASE_STRIP = NO;
				CURRENT_PROJECT_VERSION = 1;
				DEBUG_INFORMATION_FORMAT = dwarf;
				ENABLE_PREVIEWS = YES;
				ENABLE_STRICT_OBJC_MSGSEND = YES;
				ENABLE_TESTABILITY = YES;
				GCC_C_LANGUAGE_STANDARD = gnu11;
				GCC_DYNAMIC_NO_PIC = NO;
				GCC_NO_COMMON_BLOCKS = YES;
				GCC_OPTIMIZATION_LEVEL = 0;
				GCC_PREPROCESSOR_DEFINITIONS = (
					"$(inherited)",
					"DEBUG=1",
				);
				GCC_WARN_64_TO_32_BIT_CONVERSION = YES;
				GCC_WARN_ABOUT_RETURN_TYPE = YES_ERROR;
				GCC_WARN_UNDECLARED_SELECTOR = YES;
				GCC_WARN_UNINITIALIZED_AUTOS = YES_AGGRESSIVE;
				GCC_WARN_UNUSED_FUNCTION = YES;
				GCC_WARN_UNUSED_VARIABLE = YES;
				GENERATE_INFOPLIST_FILE = YES;
				INFOPLIST_KEY_LSApplicationCategoryType = "public.app-category.utilities";
				INFOPLIST_KEY_LSUIElement = YES;
				MACOSX_DEPLOYMENT_TARGET = 14.0;
				MARKETING_VERSION = 1.0.0;
				MTL_ENABLE_DEBUG_INFO = INCLUDE_SOURCE;
				MTL_FAST_MATH = YES;
				ONLY_ACTIVE_ARCH = YES;
				PRODUCT_NAME = "$(TARGET_NAME)";
				SDKROOT = macosx;
				SWIFT_ACTIVE_COMPILATION_CONDITIONS = DEBUG;
				SWIFT_OPTIMIZATION_LEVEL = "-Onone";
				SWIFT_STRICT_CONCURRENCY = complete;
				SWIFT_VERSION = 5.10;
			};
			name = Debug;
		};
		A952A12C05AA0EC0795475FB /* Release */ = {
			isa = XCBuildConfiguration;
			buildSettings = {
				COMBINE_HIDPI_IMAGES = YES;
				LD_RUNPATH_SEARCH_PATHS = (
					"$(inherited)",
					"@executable_path/../Frameworks",
				);
				PRODUCT_BUNDLE_IDENTIFIER = com.burnbar.BurnBarDaemon;
				PRODUCT_NAME = BurnBarDaemon;
				SDKROOT = macosx;
				SKIP_INSTALL = YES;
			};
			name = Release;
		};
		E97E75D44B7A621EADCAA96B /* Debug */ = {
			isa = XCBuildConfiguration;
			buildSettings = {
				BUNDLE_LOADER = "$(TEST_HOST)";
				COMBINE_HIDPI_IMAGES = YES;
				LD_RUNPATH_SEARCH_PATHS = (
					"$(inherited)",
					"@executable_path/../Frameworks",
					"@loader_path/../Frameworks",
				);
				OTHER_LDFLAGS = (
					"$(inherited)",
					"-ObjC",
				);
				PRODUCT_BUNDLE_IDENTIFIER = com.burnbar.daemon.tests;
				PRODUCT_NAME = BurnBarDaemonTests;
				SDKROOT = macosx;
			};
			name = Debug;
		};
/* End XCBuildConfiguration section */

/* Begin XCConfigurationList section */
		178D704E040A4E0F899A0F7A /* Build configuration list for PBXNativeTarget "BurnBarDaemonTests" */ = {
			isa = XCConfigurationList;
			buildConfigurations = (
				E97E75D44B7A621EADCAA96B /* Debug */,
				3936DC77A4138E6A76523EEF /* Release */,
			);
			defaultConfigurationIsVisible = 0;
			defaultConfigurationName = Debug;
		};
		6ED240BD3BECE813514FD771 /* Build configuration list for PBXNativeTarget "BurnBarDaemon" */ = {
			isa = XCConfigurationList;
			buildConfigurations = (
				2F33ECFF351ED321EA0650B6 /* Debug */,
				A952A12C05AA0EC0795475FB /* Release */,
			);
			defaultConfigurationIsVisible = 0;
			defaultConfigurationName = Debug;
		};
		922F4964277AACC9F435E4AE /* Build configuration list for PBXNativeTarget "BurnBar" */ = {
			isa = XCConfigurationList;
			buildConfigurations = (
				2E6260F5993C7A652E984CF4 /* Debug */,
				8FC8BE331E9ECBC8F5F8DB1E /* Release */,
			);
			defaultConfigurationIsVisible = 0;
			defaultConfigurationName = Debug;
		};
		99135C58F925610E7B461B77 /* Build configuration list for PBXNativeTarget "BurnBarDaemonExecutable" */ = {
			isa = XCConfigurationList;
			buildConfigurations = (
				3C430C83A94C2BFC7453C77E /* Debug */,
				190A9E1E955F1E50E917B28F /* Release */,
			);
			defaultConfigurationIsVisible = 0;
			defaultConfigurationName = Debug;
		};
		C3C18D01849DBACEACF4D151 /* Build configuration list for PBXProject "BurnBar" */ = {
			isa = XCConfigurationList;
			buildConfigurations = (
				A626314C229BEC670DCE1F07 /* Debug */,
				59F866CDC116EA67B1922B9E /* Release */,
			);
			defaultConfigurationIsVisible = 0;
			defaultConfigurationName = Debug;
		};
		EB41A10CD5AA71244BB881B5 /* Build configuration list for PBXNativeTarget "BurnBarTests" */ = {
			isa = XCConfigurationList;
			buildConfigurations = (
				32B83308DC24185F26CFF1C7 /* Debug */,
				7EF912A860B497D77241625B /* Release */,
			);
			defaultConfigurationIsVisible = 0;
			defaultConfigurationName = Debug;
		};
/* End XCConfigurationList section */

/* Begin XCLocalSwiftPackageReference section */
		1592DE07DA11E5F4F9C35198 /* XCLocalSwiftPackageReference "BurnBarCore" */ = {
			isa = XCLocalSwiftPackageReference;
			relativePath = BurnBarCore;
		};
/* End XCLocalSwiftPackageReference section */

/* Begin XCRemoteSwiftPackageReference section */
		36E44B6A0754B8A49BAA768A /* XCRemoteSwiftPackageReference "firebase-ios-sdk" */ = {
			isa = XCRemoteSwiftPackageReference;
			repositoryURL = "https://github.com/firebase/firebase-ios-sdk";
			requirement = {
				kind = upToNextMajorVersion;
				minimumVersion = 11.0.0;
			};
		};
		7B93F196728A06D5A1262ED3 /* XCRemoteSwiftPackageReference "GRDB" */ = {
			isa = XCRemoteSwiftPackageReference;
			repositoryURL = "https://github.com/groue/GRDB.swift";
			requirement = {
				kind = upToNextMajorVersion;
				minimumVersion = 7.0.0;
			};
		};
		D77E1B9B2963A98DD4EB9C5C /* XCRemoteSwiftPackageReference "GoogleSignIn-iOS" */ = {
			isa = XCRemoteSwiftPackageReference;
			repositoryURL = "https://github.com/google/GoogleSignIn-iOS";
			requirement = {
				kind = upToNextMajorVersion;
				minimumVersion = 8.0.0;
			};
		};
/* End XCRemoteSwiftPackageReference section */

/* Begin XCSwiftPackageProductDependency section */
		13242102B8AB16D7BF4F0829 /* FirebaseAuth */ = {
			isa = XCSwiftPackageProductDependency;
			package = 36E44B6A0754B8A49BAA768A /* XCRemoteSwiftPackageReference "firebase-ios-sdk" */;
			productName = FirebaseAuth;
		};
		3404298C8DE53D53D16D8D4B /* BurnBarCore */ = {
			isa = XCSwiftPackageProductDependency;
			productName = BurnBarCore;
		};
		5B28647A9AFE4CA61A02C4FA /* BurnBarCore */ = {
			isa = XCSwiftPackageProductDependency;
			productName = BurnBarCore;
		};
		672895C82DE1B508B5837144 /* BurnBarCore */ = {
			isa = XCSwiftPackageProductDependency;
			productName = BurnBarCore;
		};
		75A41CA28F5F94306C9AEBD3 /* FirebaseFirestore */ = {
			isa = XCSwiftPackageProductDependency;
			package = 36E44B6A0754B8A49BAA768A /* XCRemoteSwiftPackageReference "firebase-ios-sdk" */;
			productName = FirebaseFirestore;
		};
		76215FC91DF382206891AE7F /* BurnBarCore */ = {
			isa = XCSwiftPackageProductDependency;
			productName = BurnBarCore;
		};
		E37D681CEE596C358C399E97 /* GRDB */ = {
			isa = XCSwiftPackageProductDependency;
			package = 7B93F196728A06D5A1262ED3 /* XCRemoteSwiftPackageReference "GRDB" */;
			productName = GRDB;
		};
		F04B5C9B1DD26137230DCDBC /* GoogleSignIn */ = {
			isa = XCSwiftPackageProductDependency;
			package = D77E1B9B2963A98DD4EB9C5C /* XCRemoteSwiftPackageReference "GoogleSignIn-iOS" */;
			productName = GoogleSignIn;
		};
/* End XCSwiftPackageProductDependency section */
	};
	rootObject = 432E2B9BBC9CBAC438D98577 /* Project object */;
}
